<?xml version="1.0" encoding="utf-8"?>
<Project ToolsVersion="4.0" xmlns="http://schemas.microsoft.com/developer/msbuild/2003">
  <ItemGroup>
    <ClCompile Include="App.cpp" />
    <ClCompile Include="ParticleSystemEntity.cpp" />
    <ClCompile Include="ViewSimulation.cpp" />
  </ItemGroup>
  <ItemGroup>
    <ClInclude Include="App.h" />
    <ClInclude Include="ParticleSystemEntity.h" />
    <ClInclude Include="ViewSimulation.h" />
  </ItemGroup>
  <ItemGroup>
    <Filter Include="Shaders">
      <UniqueIdentifier>{ade18e1a-c325-4a6c-8a1a-8463433e1ef9}</UniqueIdentifier>
    </Filter>
  </ItemGroup>
  <ItemGroup>
    <None Include="..\Data\Shaders\ParticleSystemInsertCS.hlsl">
      <Filter>Shaders</Filter>
    </None>
    <None Include="..\Data\Shaders\ParticleSystemRender.hlsl">
      <Filter>Shaders</Filter>
    </None>
    <None Include="..\Data\Shaders\ParticleSystemUpdateCS.hlsl">
      <Filter>Shaders</Filter>
    </None>
  </ItemGroup>
</Project>