
Microsoft Visual Studio Solution File, Format Version 11.00
# Visual C++ Express 2010
Project("{8BC9CEB8-8B4A-11D0-8D11-00A0C91BC942}") = "Hieroglyph3", "Source\Hieroglyph3.vcxproj", "{D120BAFC-B4E1-4A76-833A-94CE1CFCB5BF}"
	ProjectSection(ProjectDependencies) = postProject
		{DBA1913E-154D-420A-84A9-AD8A789851CC} = {DBA1913E-154D-420A-84A9-AD8A789851CC}
		{036DBAF4-D87B-4F38-A8B2-2D3C7F71A7B1} = {036DBAF4-D87B-4F38-A8B2-2D3C7F71A7B1}
	EndProjectSection
EndProject
Project("{8BC9CEB8-8B4A-11D0-8D11-00A0C91BC942}") = "BasicApplication", "Applications\BasicApplication\BasicApplication.vcxproj", "{FFB165E8-4D2F-4715-AD7B-EB084FDA0975}"
EndProject
Project("{8BC9CEB8-8B4A-11D0-8D11-00A0C91BC942}") = "BasicTessellation", "Applications\BasicTessellation\BasicTessellation.vcxproj", "{D2E817F0-1291-4F0B-BC5E-7582B5AFC0E8}"
EndProject
Project("{8BC9CEB8-8B4A-11D0-8D11-00A0C91BC942}") = "BasicComputeShader", "Applications\BasicComputeShader\BasicComputeShader.vcxproj", "{91038F7E-DB37-4526-8696-0BBD99932880}"
EndProject
Project("{8BC9CEB8-8B4A-11D0-8D11-00A0C91BC942}") = "ViewFromTheWindow", "Applications\ViewFromTheWindow\ViewFromTheWindow.vcxproj", "{64EABEAD-7FF1-445A-9707-ADD5CF20D262}"
EndProject
Project("{8BC9CEB8-8B4A-11D0-8D11-00A0C91BC942}") = "WaterSimulationI", "Applications\WaterSimulationI\WaterSimulationI.vcxproj", "{A01C0178-BD8A-48DD-8A0E-3CFFF1B1802F}"
EndProject
Project("{8BC9CEB8-8B4A-11D0-8D11-00A0C91BC942}") = "AmbientOcclusionI", "Applications\AmbientOcclusionI\AmbientOcclusionI.vcxproj", "{50DA7DA6-6E7E-4148-90EF-8A028A2BB1CA}"
EndProject
Project("{8BC9CEB8-8B4A-11D0-8D11-00A0C91BC942}") = "ImageProcessor", "Applications\ImageProcessor\ImageProcessor.vcxproj", "{84F60DAA-B6D4-4BBE-A389-5671AE26D85B}"
EndProject
Project("{8BC9CEB8-8B4A-11D0-8D11-00A0C91BC942}") = "SkinAndBones", "Applications\SkinAndBones\SkinAndBones.vcxproj", "{E451755D-66D6-4FFA-8804-DAADAA319A91}"
EndProject
Project("{8BC9CEB8-8B4A-11D0-8D11-00A0C91BC942}") = "BasicScripting", "Applications\BasicScripting\BasicScripting.vcxproj", "{D8673413-1893-4A76-B09D-0FBF2DE44FB5}"
EndProject
Project("{8BC9CEB8-8B4A-11D0-8D11-00A0C91BC942}") = "TessellationParams", "Applications\TessellationParams\TessellationParams.vcxproj", "{0D13C5FC-2967-49FD-B762-5004CF824254}"
EndProject
Project("{8BC9CEB8-8B4A-11D0-8D11-00A0C91BC942}") = "DeferredRendering", "Applications\DeferredRendering\DeferredRendering.vcxproj", "{815673AC-FD51-44A8-B498-C0398DC85B41}"
EndProject
Project("{8BC9CEB8-8B4A-11D0-8D11-00A0C91BC942}") = "InterlockingTerrainTiles", "Applications\InterlockingTerrainTiles\InterlockingTerrainTiles.vcxproj", "{92ED8783-D45A-48FD-9B94-DD1FD7DAB7F9}"
EndProject
Project("{8BC9CEB8-8B4A-11D0-8D11-00A0C91BC942}") = "LightPrepass", "Applications\LightPrepass\LightPrepass.vcxproj", "{DB0736EE-C788-44A3-BACA-79C041E23F1D}"
EndProject
Project("{8BC9CEB8-8B4A-11D0-8D11-00A0C91BC942}") = "CurvedPointNormalTriangles", "Applications\CurvedPointNormalTriangles\CurvedPointNormalTriangles.vcxproj", "{A074582D-4AFA-4EC2-8CBE-7B37D0EFFA37}"
EndProject
Project("{8BC9CEB8-8B4A-11D0-8D11-00A0C91BC942}") = "ParticleStorm", "Applications\ParticleStorm\ParticleStorm.vcxproj", "{9C8C4C20-EFB0-44A7-8321-0754C06B05C4}"
EndProject
Project("{8BC9CEB8-8B4A-11D0-8D11-00A0C91BC942}") = "MirrorMirror", "Applications\MirrorMirror\MirrorMirror.vcxproj", "{75C388EB-7F70-4B62-98D9-9B9B18EDF11E}"
EndProject
Project("{8BC9CEB8-8B4A-11D0-8D11-00A0C91BC942}") = "KinectPlayground", "Applications\KinectPlayground\KinectPlayground.vcxproj", "{D2D05566-CC48-4CE5-9626-70D9053080EB}"
	ProjectSection(ProjectDependencies) = postProject
		{84EBB79E-C96B-44CC-BFBA-D9DB46583071} = {84EBB79E-C96B-44CC-BFBA-D9DB46583071}
	EndProjectSection
EndProject
Project("{8BC9CEB8-8B4A-11D0-8D11-00A0C91BC942}") = "MFCwithD3D11", "Applications\MFCwithD3D11\MFCwithD3D11.vcxproj", "{9593BD9C-1948-47F0-A9E9-FBE14A65FEB1}"
	ProjectSection(ProjectDependencies) = postProject
		{D120BAFC-B4E1-4A76-833A-94CE1CFCB5BF} = {D120BAFC-B4E1-4A76-833A-94CE1CFCB5BF}
	EndProjectSection
EndProject
Project("{8BC9CEB8-8B4A-11D0-8D11-00A0C91BC942}") = "LuaLib", "Dependencies\lua-5.1.4\vc90_build\LuaLib\LuaLib.vcxproj", "{DBA1913E-154D-420A-84A9-AD8A789851CC}"
EndProject
Project("{8BC9CEB8-8B4A-11D0-8D11-00A0C91BC942}") = "LuaLibLib", "Dependencies\lua-5.1.4\vc90_build\LuaLibLib\LuaLibLib.vcxproj", "{036DBAF4-D87B-4F38-A8B2-2D3C7F71A7B1}"
EndProject
Project("{8BC9CEB8-8B4A-11D0-8D11-00A0C91BC942}") = "RotatingCube", "Applications\RotatingCube\RotatingCube.vcxproj", "{DDE5DE3F-7E35-4405-A947-24B04AEF3499}"
EndProject
Project("{8BC9CEB8-8B4A-11D0-8D11-00A0C91BC942}") = "ImmediateRenderer", "Applications\ImmediateRenderer\ImmediateRenderer.vcxproj", "{872AE5E0-5E4A-4BDB-8749-D3D40CA61948}"
EndProject
Project("{8BC9CEB8-8B4A-11D0-8D11-00A0C91BC942}") = "GlyphKinect", "Extensions\GlyphKinect\GlyphKinect.vcxproj", "{84EBB79E-C96B-44CC-BFBA-D9DB46583071}"
	ProjectSection(ProjectDependencies) = postProject
		{D120BAFC-B4E1-4A76-833A-94CE1CFCB5BF} = {D120BAFC-B4E1-4A76-833A-94CE1CFCB5BF}
	EndProjectSection
EndProject
Global
	GlobalSection(SolutionConfigurationPlatforms) = preSolution
		Debug|Any CPU = Debug|Any CPU
		Debug|Mixed Platforms = Debug|Mixed Platforms
		Debug|Win32 = Debug|Win32
		Release|Any CPU = Release|Any CPU
		Release|Mixed Platforms = Release|Mixed Platforms
		Release|Win32 = Release|Win32
	EndGlobalSection
	GlobalSection(ProjectConfigurationPlatforms) = postSolution
		{D120BAFC-B4E1-4A76-833A-94CE1CFCB5BF}.Debug|Any CPU.ActiveCfg = Debug|Win32
		{D120BAFC-B4E1-4A76-833A-94CE1CFCB5BF}.Debug|Mixed Platforms.ActiveCfg = Debug|Win32
		{D120BAFC-B4E1-4A76-833A-94CE1CFCB5BF}.Debug|Mixed Platforms.Build.0 = Debug|Win32
		{D120BAFC-B4E1-4A76-833A-94CE1CFCB5BF}.Debug|Win32.ActiveCfg = Debug|Win32
		{D120BAFC-B4E1-4A76-833A-94CE1CFCB5BF}.Debug|Win32.Build.0 = Debug|Win32
		{D120BAFC-B4E1-4A76-833A-94CE1CFCB5BF}.Release|Any CPU.ActiveCfg = Release|Win32
		{D120BAFC-B4E1-4A76-833A-94CE1CFCB5BF}.Release|Mixed Platforms.ActiveCfg = Release|Win32
		{D120BAFC-B4E1-4A76-833A-94CE1CFCB5BF}.Release|Mixed Platforms.Build.0 = Release|Win32
		{D120BAFC-B4E1-4A76-833A-94CE1CFCB5BF}.Release|Win32.ActiveCfg = Release|Win32
		{D120BAFC-B4E1-4A76-833A-94CE1CFCB5BF}.Release|Win32.Build.0 = Release|Win32
		{FFB165E8-4D2F-4715-AD7B-EB084FDA0975}.Debug|Any CPU.ActiveCfg = Debug|Win32
		{FFB165E8-4D2F-4715-AD7B-EB084FDA0975}.Debug|Mixed Platforms.ActiveCfg = Debug|Win32
		{FFB165E8-4D2F-4715-AD7B-EB084FDA0975}.Debug|Mixed Platforms.Build.0 = Debug|Win32
		{FFB165E8-4D2F-4715-AD7B-EB084FDA0975}.Debug|Win32.ActiveCfg = Debug|Win32
		{FFB165E8-4D2F-4715-AD7B-EB084FDA0975}.Debug|Win32.Build.0 = Debug|Win32
		{FFB165E8-4D2F-4715-AD7B-EB084FDA0975}.Release|Any CPU.ActiveCfg = Release|Win32
		{FFB165E8-4D2F-4715-AD7B-EB084FDA0975}.Release|Mixed Platforms.ActiveCfg = Release|Win32
		{FFB165E8-4D2F-4715-AD7B-EB084FDA0975}.Release|Mixed Platforms.Build.0 = Release|Win32
		{FFB165E8-4D2F-4715-AD7B-EB084FDA0975}.Release|Win32.ActiveCfg = Release|Win32
		{FFB165E8-4D2F-4715-AD7B-EB084FDA0975}.Release|Win32.Build.0 = Release|Win32
		{D2E817F0-1291-4F0B-BC5E-7582B5AFC0E8}.Debug|Any CPU.ActiveCfg = Debug|Win32
		{D2E817F0-1291-4F0B-BC5E-7582B5AFC0E8}.Debug|Mixed Platforms.ActiveCfg = Debug|Win32
		{D2E817F0-1291-4F0B-BC5E-7582B5AFC0E8}.Debug|Mixed Platforms.Build.0 = Debug|Win32
		{D2E817F0-1291-4F0B-BC5E-7582B5AFC0E8}.Debug|Win32.ActiveCfg = Debug|Win32
		{D2E817F0-1291-4F0B-BC5E-7582B5AFC0E8}.Debug|Win32.Build.0 = Debug|Win32
		{D2E817F0-1291-4F0B-BC5E-7582B5AFC0E8}.Release|Any CPU.ActiveCfg = Release|Win32
		{D2E817F0-1291-4F0B-BC5E-7582B5AFC0E8}.Release|Mixed Platforms.ActiveCfg = Release|Win32
		{D2E817F0-1291-4F0B-BC5E-7582B5AFC0E8}.Release|Mixed Platforms.Build.0 = Release|Win32
		{D2E817F0-1291-4F0B-BC5E-7582B5AFC0E8}.Release|Win32.ActiveCfg = Release|Win32
		{D2E817F0-1291-4F0B-BC5E-7582B5AFC0E8}.Release|Win32.Build.0 = Release|Win32
		{91038F7E-DB37-4526-8696-0BBD99932880}.Debug|Any CPU.ActiveCfg = Debug|Win32
		{91038F7E-DB37-4526-8696-0BBD99932880}.Debug|Mixed Platforms.ActiveCfg = Debug|Win32
		{91038F7E-DB37-4526-8696-0BBD99932880}.Debug|Mixed Platforms.Build.0 = Debug|Win32
		{91038F7E-DB37-4526-8696-0BBD99932880}.Debug|Win32.ActiveCfg = Debug|Win32
		{91038F7E-DB37-4526-8696-0BBD99932880}.Debug|Win32.Build.0 = Debug|Win32
		{91038F7E-DB37-4526-8696-0BBD99932880}.Release|Any CPU.ActiveCfg = Release|Win32
		{91038F7E-DB37-4526-8696-0BBD99932880}.Release|Mixed Platforms.ActiveCfg = Release|Win32
		{91038F7E-DB37-4526-8696-0BBD99932880}.Release|Mixed Platforms.Build.0 = Release|Win32
		{91038F7E-DB37-4526-8696-0BBD99932880}.Release|Win32.ActiveCfg = Release|Win32
		{91038F7E-DB37-4526-8696-0BBD99932880}.Release|Win32.Build.0 = Release|Win32
		{64EABEAD-7FF1-445A-9707-ADD5CF20D262}.Debug|Any CPU.ActiveCfg = Debug|Win32
		{64EABEAD-7FF1-445A-9707-ADD5CF20D262}.Debug|Mixed Platforms.ActiveCfg = Debug|Win32
		{64EABEAD-7FF1-445A-9707-ADD5CF20D262}.Debug|Mixed Platforms.Build.0 = Debug|Win32
		{64EABEAD-7FF1-445A-9707-ADD5CF20D262}.Debug|Win32.ActiveCfg = Debug|Win32
		{64EABEAD-7FF1-445A-9707-ADD5CF20D262}.Debug|Win32.Build.0 = Debug|Win32
		{64EABEAD-7FF1-445A-9707-ADD5CF20D262}.Release|Any CPU.ActiveCfg = Release|Win32
		{64EABEAD-7FF1-445A-9707-ADD5CF20D262}.Release|Mixed Platforms.ActiveCfg = Release|Win32
		{64EABEAD-7FF1-445A-9707-ADD5CF20D262}.Release|Mixed Platforms.Build.0 = Release|Win32
		{64EABEAD-7FF1-445A-9707-ADD5CF20D262}.Release|Win32.ActiveCfg = Release|Win32
		{64EABEAD-7FF1-445A-9707-ADD5CF20D262}.Release|Win32.Build.0 = Release|Win32
		{A01C0178-BD8A-48DD-8A0E-3CFFF1B1802F}.Debug|Any CPU.ActiveCfg = Debug|Win32
		{A01C0178-BD8A-48DD-8A0E-3CFFF1B1802F}.Debug|Mixed Platforms.ActiveCfg = Debug|Win32
		{A01C0178-BD8A-48DD-8A0E-3CFFF1B1802F}.Debug|Mixed Platforms.Build.0 = Debug|Win32
		{A01C0178-BD8A-48DD-8A0E-3CFFF1B1802F}.Debug|Win32.ActiveCfg = Debug|Win32
		{A01C0178-BD8A-48DD-8A0E-3CFFF1B1802F}.Debug|Win32.Build.0 = Debug|Win32
		{A01C0178-BD8A-48DD-8A0E-3CFFF1B1802F}.Release|Any CPU.ActiveCfg = Release|Win32
		{A01C0178-BD8A-48DD-8A0E-3CFFF1B1802F}.Release|Mixed Platforms.ActiveCfg = Release|Win32
		{A01C0178-BD8A-48DD-8A0E-3CFFF1B1802F}.Release|Mixed Platforms.Build.0 = Release|Win32
		{A01C0178-BD8A-48DD-8A0E-3CFFF1B1802F}.Release|Win32.ActiveCfg = Release|Win32
		{A01C0178-BD8A-48DD-8A0E-3CFFF1B1802F}.Release|Win32.Build.0 = Release|Win32
		{50DA7DA6-6E7E-4148-90EF-8A028A2BB1CA}.Debug|Any CPU.ActiveCfg = Debug|Win32
		{50DA7DA6-6E7E-4148-90EF-8A028A2BB1CA}.Debug|Mixed Platforms.ActiveCfg = Debug|Win32
		{50DA7DA6-6E7E-4148-90EF-8A028A2BB1CA}.Debug|Mixed Platforms.Build.0 = Debug|Win32
		{50DA7DA6-6E7E-4148-90EF-8A028A2BB1CA}.Debug|Win32.ActiveCfg = Debug|Win32
		{50DA7DA6-6E7E-4148-90EF-8A028A2BB1CA}.Debug|Win32.Build.0 = Debug|Win32
		{50DA7DA6-6E7E-4148-90EF-8A028A2BB1CA}.Release|Any CPU.ActiveCfg = Release|Win32
		{50DA7DA6-6E7E-4148-90EF-8A028A2BB1CA}.Release|Mixed Platforms.ActiveCfg = Release|Win32
		{50DA7DA6-6E7E-4148-90EF-8A028A2BB1CA}.Release|Mixed Platforms.Build.0 = Release|Win32
		{50DA7DA6-6E7E-4148-90EF-8A028A2BB1CA}.Release|Win32.ActiveCfg = Release|Win32
		{50DA7DA6-6E7E-4148-90EF-8A028A2BB1CA}.Release|Win32.Build.0 = Release|Win32
		{84F60DAA-B6D4-4BBE-A389-5671AE26D85B}.Debug|Any CPU.ActiveCfg = Debug|Win32
		{84F60DAA-B6D4-4BBE-A389-5671AE26D85B}.Debug|Mixed Platforms.ActiveCfg = Debug|Win32
		{84F60DAA-B6D4-4BBE-A389-5671AE26D85B}.Debug|Mixed Platforms.Build.0 = Debug|Win32
		{84F60DAA-B6D4-4BBE-A389-5671AE26D85B}.Debug|Win32.ActiveCfg = Debug|Win32
		{84F60DAA-B6D4-4BBE-A389-5671AE26D85B}.Debug|Win32.Build.0 = Debug|Win32
		{84F60DAA-B6D4-4BBE-A389-5671AE26D85B}.Release|Any CPU.ActiveCfg = Release|Win32
		{84F60DAA-B6D4-4BBE-A389-5671AE26D85B}.Release|Mixed Platforms.ActiveCfg = Release|Win32
		{84F60DAA-B6D4-4BBE-A389-5671AE26D85B}.Release|Mixed Platforms.Build.0 = Release|Win32
		{84F60DAA-B6D4-4BBE-A389-5671AE26D85B}.Release|Win32.ActiveCfg = Release|Win32
		{84F60DAA-B6D4-4BBE-A389-5671AE26D85B}.Release|Win32.Build.0 = Release|Win32
		{E451755D-66D6-4FFA-8804-DAADAA319A91}.Debug|Any CPU.ActiveCfg = Debug|Win32
		{E451755D-66D6-4FFA-8804-DAADAA319A91}.Debug|Mixed Platforms.ActiveCfg = Debug|Win32
		{E451755D-66D6-4FFA-8804-DAADAA319A91}.Debug|Mixed Platforms.Build.0 = Debug|Win32
		{E451755D-66D6-4FFA-8804-DAADAA319A91}.Debug|Win32.ActiveCfg = Debug|Win32
		{E451755D-66D6-4FFA-8804-DAADAA319A91}.Debug|Win32.Build.0 = Debug|Win32
		{E451755D-66D6-4FFA-8804-DAADAA319A91}.Release|Any CPU.ActiveCfg = Release|Win32
		{E451755D-66D6-4FFA-8804-DAADAA319A91}.Release|Mixed Platforms.ActiveCfg = Release|Win32
		{E451755D-66D6-4FFA-8804-DAADAA319A91}.Release|Mixed Platforms.Build.0 = Release|Win32
		{E451755D-66D6-4FFA-8804-DAADAA319A91}.Release|Win32.ActiveCfg = Release|Win32
		{E451755D-66D6-4FFA-8804-DAADAA319A91}.Release|Win32.Build.0 = Release|Win32
		{D8673413-1893-4A76-B09D-0FBF2DE44FB5}.Debug|Any CPU.ActiveCfg = Debug|Win32
		{D8673413-1893-4A76-B09D-0FBF2DE44FB5}.Debug|Mixed Platforms.ActiveCfg = Debug|Win32
		{D8673413-1893-4A76-B09D-0FBF2DE44FB5}.Debug|Mixed Platforms.Build.0 = Debug|Win32
		{D8673413-1893-4A76-B09D-0FBF2DE44FB5}.Debug|Win32.ActiveCfg = Debug|Win32
		{D8673413-1893-4A76-B09D-0FBF2DE44FB5}.Debug|Win32.Build.0 = Debug|Win32
		{D8673413-1893-4A76-B09D-0FBF2DE44FB5}.Release|Any CPU.ActiveCfg = Release|Win32
		{D8673413-1893-4A76-B09D-0FBF2DE44FB5}.Release|Mixed Platforms.ActiveCfg = Release|Win32
		{D8673413-1893-4A76-B09D-0FBF2DE44FB5}.Release|Mixed Platforms.Build.0 = Release|Win32
		{D8673413-1893-4A76-B09D-0FBF2DE44FB5}.Release|Win32.ActiveCfg = Release|Win32
		{D8673413-1893-4A76-B09D-0FBF2DE44FB5}.Release|Win32.Build.0 = Release|Win32
		{0D13C5FC-2967-49FD-B762-5004CF824254}.Debug|Any CPU.ActiveCfg = Debug|Win32
		{0D13C5FC-2967-49FD-B762-5004CF824254}.Debug|Mixed Platforms.ActiveCfg = Debug|Win32
		{0D13C5FC-2967-49FD-B762-5004CF824254}.Debug|Mixed Platforms.Build.0 = Debug|Win32
		{0D13C5FC-2967-49FD-B762-5004CF824254}.Debug|Win32.ActiveCfg = Debug|Win32
		{0D13C5FC-2967-49FD-B762-5004CF824254}.Debug|Win32.Build.0 = Debug|Win32
		{0D13C5FC-2967-49FD-B762-5004CF824254}.Release|Any CPU.ActiveCfg = Release|Win32
		{0D13C5FC-2967-49FD-B762-5004CF824254}.Release|Mixed Platforms.ActiveCfg = Release|Win32
		{0D13C5FC-2967-49FD-B762-5004CF824254}.Release|Mixed Platforms.Build.0 = Release|Win32
		{0D13C5FC-2967-49FD-B762-5004CF824254}.Release|Win32.ActiveCfg = Release|Win32
		{0D13C5FC-2967-49FD-B762-5004CF824254}.Release|Win32.Build.0 = Release|Win32
		{815673AC-FD51-44A8-B498-C0398DC85B41}.Debug|Any CPU.ActiveCfg = Debug|Win32
		{815673AC-FD51-44A8-B498-C0398DC85B41}.Debug|Mixed Platforms.ActiveCfg = Debug|Win32
		{815673AC-FD51-44A8-B498-C0398DC85B41}.Debug|Mixed Platforms.Build.0 = Debug|Win32
		{815673AC-FD51-44A8-B498-C0398DC85B41}.Debug|Win32.ActiveCfg = Debug|Win32
		{815673AC-FD51-44A8-B498-C0398DC85B41}.Debug|Win32.Build.0 = Debug|Win32
		{815673AC-FD51-44A8-B498-C0398DC85B41}.Release|Any CPU.ActiveCfg = Release|Win32
		{815673AC-FD51-44A8-B498-C0398DC85B41}.Release|Mixed Platforms.ActiveCfg = Release|Win32
		{815673AC-FD51-44A8-B498-C0398DC85B41}.Release|Mixed Platforms.Build.0 = Release|Win32
		{815673AC-FD51-44A8-B498-C0398DC85B41}.Release|Win32.ActiveCfg = Release|Win32
		{815673AC-FD51-44A8-B498-C0398DC85B41}.Release|Win32.Build.0 = Release|Win32
		{92ED8783-D45A-48FD-9B94-DD1FD7DAB7F9}.Debug|Any CPU.ActiveCfg = Debug|Win32
		{92ED8783-D45A-48FD-9B94-DD1FD7DAB7F9}.Debug|Mixed Platforms.ActiveCfg = Debug|Win32
		{92ED8783-D45A-48FD-9B94-DD1FD7DAB7F9}.Debug|Mixed Platforms.Build.0 = Debug|Win32
		{92ED8783-D45A-48FD-9B94-DD1FD7DAB7F9}.Debug|Win32.ActiveCfg = Debug|Win32
		{92ED8783-D45A-48FD-9B94-DD1FD7DAB7F9}.Debug|Win32.Build.0 = Debug|Win32
		{92ED8783-D45A-48FD-9B94-DD1FD7DAB7F9}.Release|Any CPU.ActiveCfg = Release|Win32
		{92ED8783-D45A-48FD-9B94-DD1FD7DAB7F9}.Release|Mixed Platforms.ActiveCfg = Release|Win32
		{92ED8783-D45A-48FD-9B94-DD1FD7DAB7F9}.Release|Mixed Platforms.Build.0 = Release|Win32
		{92ED8783-D45A-48FD-9B94-DD1FD7DAB7F9}.Release|Win32.ActiveCfg = Release|Win32
		{92ED8783-D45A-48FD-9B94-DD1FD7DAB7F9}.Release|Win32.Build.0 = Release|Win32
		{DB0736EE-C788-44A3-BACA-79C041E23F1D}.Debug|Any CPU.ActiveCfg = Debug|Win32
		{DB0736EE-C788-44A3-BACA-79C041E23F1D}.Debug|Mixed Platforms.ActiveCfg = Debug|Win32
		{DB0736EE-C788-44A3-BACA-79C041E23F1D}.Debug|Mixed Platforms.Build.0 = Debug|Win32
		{DB0736EE-C788-44A3-BACA-79C041E23F1D}.Debug|Win32.ActiveCfg = Debug|Win32
		{DB0736EE-C788-44A3-BACA-79C041E23F1D}.Debug|Win32.Build.0 = Debug|Win32
		{DB0736EE-C788-44A3-BACA-79C041E23F1D}.Release|Any CPU.ActiveCfg = Release|Win32
		{DB0736EE-C788-44A3-BACA-79C041E23F1D}.Release|Mixed Platforms.ActiveCfg = Release|Win32
		{DB0736EE-C788-44A3-BACA-79C041E23F1D}.Release|Mixed Platforms.Build.0 = Release|Win32
		{DB0736EE-C788-44A3-BACA-79C041E23F1D}.Release|Win32.ActiveCfg = Release|Win32
		{DB0736EE-C788-44A3-BACA-79C041E23F1D}.Release|Win32.Build.0 = Release|Win32
		{A074582D-4AFA-4EC2-8CBE-7B37D0EFFA37}.Debug|Any CPU.ActiveCfg = Debug|Win32
		{A074582D-4AFA-4EC2-8CBE-7B37D0EFFA37}.Debug|Mixed Platforms.ActiveCfg = Debug|Win32
		{A074582D-4AFA-4EC2-8CBE-7B37D0EFFA37}.Debug|Mixed Platforms.Build.0 = Debug|Win32
		{A074582D-4AFA-4EC2-8CBE-7B37D0EFFA37}.Debug|Win32.ActiveCfg = Debug|Win32
		{A074582D-4AFA-4EC2-8CBE-7B37D0EFFA37}.Debug|Win32.Build.0 = Debug|Win32
		{A074582D-4AFA-4EC2-8CBE-7B37D0EFFA37}.Release|Any CPU.ActiveCfg = Release|Win32
		{A074582D-4AFA-4EC2-8CBE-7B37D0EFFA37}.Release|Mixed Platforms.ActiveCfg = Release|Win32
		{A074582D-4AFA-4EC2-8CBE-7B37D0EFFA37}.Release|Mixed Platforms.Build.0 = Release|Win32
		{A074582D-4AFA-4EC2-8CBE-7B37D0EFFA37}.Release|Win32.ActiveCfg = Release|Win32
		{A074582D-4AFA-4EC2-8CBE-7B37D0EFFA37}.Release|Win32.Build.0 = Release|Win32
		{9C8C4C20-EFB0-44A7-8321-0754C06B05C4}.Debug|Any CPU.ActiveCfg = Debug|Win32
		{9C8C4C20-EFB0-44A7-8321-0754C06B05C4}.Debug|Mixed Platforms.ActiveCfg = Debug|Win32
		{9C8C4C20-EFB0-44A7-8321-0754C06B05C4}.Debug|Mixed Platforms.Build.0 = Debug|Win32
		{9C8C4C20-EFB0-44A7-8321-0754C06B05C4}.Debug|Win32.ActiveCfg = Debug|Win32
		{9C8C4C20-EFB0-44A7-8321-0754C06B05C4}.Debug|Win32.Build.0 = Debug|Win32
		{9C8C4C20-EFB0-44A7-8321-0754C06B05C4}.Release|Any CPU.ActiveCfg = Release|Win32
		{9C8C4C20-EFB0-44A7-8321-0754C06B05C4}.Release|Mixed Platforms.ActiveCfg = Release|Win32
		{9C8C4C20-EFB0-44A7-8321-0754C06B05C4}.Release|Mixed Platforms.Build.0 = Release|Win32
		{9C8C4C20-EFB0-44A7-8321-0754C06B05C4}.Release|Win32.ActiveCfg = Release|Win32
		{9C8C4C20-EFB0-44A7-8321-0754C06B05C4}.Release|Win32.Build.0 = Release|Win32
		{75C388EB-7F70-4B62-98D9-9B9B18EDF11E}.Debug|Any CPU.ActiveCfg = Debug|Win32
		{75C388EB-7F70-4B62-98D9-9B9B18EDF11E}.Debug|Mixed Platforms.ActiveCfg = Debug|Win32
		{75C388EB-7F70-4B62-98D9-9B9B18EDF11E}.Debug|Mixed Platforms.Build.0 = Debug|Win32
		{75C388EB-7F70-4B62-98D9-9B9B18EDF11E}.Debug|Win32.ActiveCfg = Debug|Win32
		{75C388EB-7F70-4B62-98D9-9B9B18EDF11E}.Debug|Win32.Build.0 = Debug|Win32
		{75C388EB-7F70-4B62-98D9-9B9B18EDF11E}.Release|Any CPU.ActiveCfg = Release|Win32
		{75C388EB-7F70-4B62-98D9-9B9B18EDF11E}.Release|Mixed Platforms.ActiveCfg = Release|Win32
		{75C388EB-7F70-4B62-98D9-9B9B18EDF11E}.Release|Mixed Platforms.Build.0 = Release|Win32
		{75C388EB-7F70-4B62-98D9-9B9B18EDF11E}.Release|Win32.ActiveCfg = Release|Win32
		{75C388EB-7F70-4B62-98D9-9B9B18EDF11E}.Release|Win32.Build.0 = Release|Win32
		{D2D05566-CC48-4CE5-9626-70D9053080EB}.Debug|Any CPU.ActiveCfg = Debug|Win32
		{D2D05566-CC48-4CE5-9626-70D9053080EB}.Debug|Mixed Platforms.ActiveCfg = Debug|Win32
		{D2D05566-CC48-4CE5-9626-70D9053080EB}.Debug|Mixed Platforms.Build.0 = Debug|Win32
		{D2D05566-CC48-4CE5-9626-70D9053080EB}.Debug|Win32.ActiveCfg = Debug|Win32
		{D2D05566-CC48-4CE5-9626-70D9053080EB}.Debug|Win32.Build.0 = Debug|Win32
		{D2D05566-CC48-4CE5-9626-70D9053080EB}.Release|Any CPU.ActiveCfg = Release|Win32
		{D2D05566-CC48-4CE5-9626-70D9053080EB}.Release|Mixed Platforms.ActiveCfg = Release|Win32
		{D2D05566-CC48-4CE5-9626-70D9053080EB}.Release|Mixed Platforms.Build.0 = Release|Win32
		{D2D05566-CC48-4CE5-9626-70D9053080EB}.Release|Win32.ActiveCfg = Release|Win32
		{D2D05566-CC48-4CE5-9626-70D9053080EB}.Release|Win32.Build.0 = Release|Win32
		{9593BD9C-1948-47F0-A9E9-FBE14A65FEB1}.Debug|Any CPU.ActiveCfg = Debug|Win32
		{9593BD9C-1948-47F0-A9E9-FBE14A65FEB1}.Debug|Mixed Platforms.ActiveCfg = Debug|Win32
		{9593BD9C-1948-47F0-A9E9-FBE14A65FEB1}.Debug|Mixed Platforms.Build.0 = Debug|Win32
		{9593BD9C-1948-47F0-A9E9-FBE14A65FEB1}.Debug|Win32.ActiveCfg = Debug|Win32
		{9593BD9C-1948-47F0-A9E9-FBE14A65FEB1}.Debug|Win32.Build.0 = Debug|Win32
		{9593BD9C-1948-47F0-A9E9-FBE14A65FEB1}.Release|Any CPU.ActiveCfg = Release|Win32
		{9593BD9C-1948-47F0-A9E9-FBE14A65FEB1}.Release|Mixed Platforms.ActiveCfg = Release|Win32
		{9593BD9C-1948-47F0-A9E9-FBE14A65FEB1}.Release|Mixed Platforms.Build.0 = Release|Win32
		{9593BD9C-1948-47F0-A9E9-FBE14A65FEB1}.Release|Win32.ActiveCfg = Release|Win32
		{9593BD9C-1948-47F0-A9E9-FBE14A65FEB1}.Release|Win32.Build.0 = Release|Win32
		{DBA1913E-154D-420A-84A9-AD8A789851CC}.Debug|Any CPU.ActiveCfg = Debug|Win32
		{DBA1913E-154D-420A-84A9-AD8A789851CC}.Debug|Mixed Platforms.ActiveCfg = Debug|Win32
		{DBA1913E-154D-420A-84A9-AD8A789851CC}.Debug|Mixed Platforms.Build.0 = Debug|Win32
		{DBA1913E-154D-420A-84A9-AD8A789851CC}.Debug|Win32.ActiveCfg = Debug|Win32
		{DBA1913E-154D-420A-84A9-AD8A789851CC}.Debug|Win32.Build.0 = Debug|Win32
		{DBA1913E-154D-420A-84A9-AD8A789851CC}.Release|Any CPU.ActiveCfg = Release|Win32
		{DBA1913E-154D-420A-84A9-AD8A789851CC}.Release|Mixed Platforms.ActiveCfg = Release|Win32
		{DBA1913E-154D-420A-84A9-AD8A789851CC}.Release|Mixed Platforms.Build.0 = Release|Win32
		{DBA1913E-154D-420A-84A9-AD8A789851CC}.Release|Win32.ActiveCfg = Release|Win32
		{DBA1913E-154D-420A-84A9-AD8A789851CC}.Release|Win32.Build.0 = Release|Win32
		{036DBAF4-D87B-4F38-A8B2-2D3C7F71A7B1}.Debug|Any CPU.ActiveCfg = Debug|Win32
		{036DBAF4-D87B-4F38-A8B2-2D3C7F71A7B1}.Debug|Mixed Platforms.ActiveCfg = Debug|Win32
		{036DBAF4-D87B-4F38-A8B2-2D3C7F71A7B1}.Debug|Mixed Platforms.Build.0 = Debug|Win32
		{036DBAF4-D87B-4F38-A8B2-2D3C7F71A7B1}.Debug|Win32.ActiveCfg = Debug|Win32
		{036DBAF4-D87B-4F38-A8B2-2D3C7F71A7B1}.Debug|Win32.Build.0 = Debug|Win32
		{036DBAF4-D87B-4F38-A8B2-2D3C7F71A7B1}.Release|Any CPU.ActiveCfg = Release|Win32
		{036DBAF4-D87B-4F38-A8B2-2D3C7F71A7B1}.Release|Mixed Platforms.ActiveCfg = Release|Win32
		{036DBAF4-D87B-4F38-A8B2-2D3C7F71A7B1}.Release|Mixed Platforms.Build.0 = Release|Win32
		{036DBAF4-D87B-4F38-A8B2-2D3C7F71A7B1}.Release|Win32.ActiveCfg = Release|Win32
		{036DBAF4-D87B-4F38-A8B2-2D3C7F71A7B1}.Release|Win32.Build.0 = Release|Win32
		{DDE5DE3F-7E35-4405-A947-24B04AEF3499}.Debug|Any CPU.ActiveCfg = Debug|Win32
		{DDE5DE3F-7E35-4405-A947-24B04AEF3499}.Debug|Mixed Platforms.ActiveCfg = Debug|Win32
		{DDE5DE3F-7E35-4405-A947-24B04AEF3499}.Debug|Mixed Platforms.Build.0 = Debug|Win32
		{DDE5DE3F-7E35-4405-A947-24B04AEF3499}.Debug|Win32.ActiveCfg = Debug|Win32
		{DDE5DE3F-7E35-4405-A947-24B04AEF3499}.Debug|Win32.Build.0 = Debug|Win32
		{DDE5DE3F-7E35-4405-A947-24B04AEF3499}.Release|Any CPU.ActiveCfg = Release|Win32
		{DDE5DE3F-7E35-4405-A947-24B04AEF3499}.Release|Mixed Platforms.ActiveCfg = Release|Win32
		{DDE5DE3F-7E35-4405-A947-24B04AEF3499}.Release|Mixed Platforms.Build.0 = Release|Win32
		{DDE5DE3F-7E35-4405-A947-24B04AEF3499}.Release|Win32.ActiveCfg = Release|Win32
		{DDE5DE3F-7E35-4405-A947-24B04AEF3499}.Release|Win32.Build.0 = Release|Win32
		{872AE5E0-5E4A-4BDB-8749-D3D40CA61948}.Debug|Any CPU.ActiveCfg = Debug|Win32
		{872AE5E0-5E4A-4BDB-8749-D3D40CA61948}.Debug|Mixed Platforms.ActiveCfg = Debug|Win32
		{872AE5E0-5E4A-4BDB-8749-D3D40CA61948}.Debug|Mixed Platforms.Build.0 = Debug|Win32
		{872AE5E0-5E4A-4BDB-8749-D3D40CA61948}.Debug|Win32.ActiveCfg = Debug|Win32
		{872AE5E0-5E4A-4BDB-8749-D3D40CA61948}.Debug|Win32.Build.0 = Debug|Win32
		{872AE5E0-5E4A-4BDB-8749-D3D40CA61948}.Release|Any CPU.ActiveCfg = Release|Win32
		{872AE5E0-5E4A-4BDB-8749-D3D40CA61948}.Release|Mixed Platforms.ActiveCfg = Release|Win32
		{872AE5E0-5E4A-4BDB-8749-D3D40CA61948}.Release|Mixed Platforms.Build.0 = Release|Win32
		{872AE5E0-5E4A-4BDB-8749-D3D40CA61948}.Release|Win32.ActiveCfg = Release|Win32
		{872AE5E0-5E4A-4BDB-8749-D3D40CA61948}.Release|Win32.Build.0 = Release|Win32
		{84EBB79E-C96B-44CC-BFBA-D9DB46583071}.Debug|Any CPU.ActiveCfg = Debug|Win32
		{84EBB79E-C96B-44CC-BFBA-D9DB46583071}.Debug|Mixed Platforms.ActiveCfg = Debug|Win32
		{84EBB79E-C96B-44CC-BFBA-D9DB46583071}.Debug|Mixed Platforms.Build.0 = Debug|Win32
		{84EBB79E-C96B-44CC-BFBA-D9DB46583071}.Debug|Win32.ActiveCfg = Debug|Win32
		{84EBB79E-C96B-44CC-BFBA-D9DB46583071}.Debug|Win32.Build.0 = Debug|Win32
		{84EBB79E-C96B-44CC-BFBA-D9DB46583071}.Release|Any CPU.ActiveCfg = Release|Win32
		{84EBB79E-C96B-44CC-BFBA-D9DB46583071}.Release|Mixed Platforms.ActiveCfg = Release|Win32
		{84EBB79E-C96B-44CC-BFBA-D9DB46583071}.Release|Mixed Platforms.Build.0 = Release|Win32
		{84EBB79E-C96B-44CC-BFBA-D9DB46583071}.Release|Win32.ActiveCfg = Release|Win32
		{84EBB79E-C96B-44CC-BFBA-D9DB46583071}.Release|Win32.Build.0 = Release|Win32
	EndGlobalSection
	GlobalSection(SolutionProperties) = preSolution
		HideSolutionNode = FALSE
	EndGlobalSection
EndGlobal
