<?xml version="1.0" encoding="utf-8"?>
<Project ToolsVersion="4.0" xmlns="http://schemas.microsoft.com/developer/msbuild/2003">
  <ItemGroup>
    <ClCompile Include="App.cpp" />
  </ItemGroup>
  <ItemGroup>
    <ClInclude Include="App.h" />
  </ItemGroup>
  <ItemGroup>
    <Filter Include="Shaders">
      <UniqueIdentifier>{3e5e331b-f75a-48c7-be76-0dbb14cfd178}</UniqueIdentifier>
    </Filter>
  </ItemGroup>
  <ItemGroup>
    <None Include="..\Data\Shaders\ImmediateGeometrySolid.hlsl">
      <Filter>Shaders</Filter>
    </None>
    <None Include="..\Data\Shaders\ImmediateGeometryTextured.hlsl">
      <Filter>Shaders</Filter>
    </None>
  </ItemGroup>
</Project>