<?xml version="1.0" encoding="utf-8"?>
<Project ToolsVersion="4.0" xmlns="http://schemas.microsoft.com/developer/msbuild/2003">
  <ItemGroup>
    <ClCompile Include="App.cpp" />
  </ItemGroup>
  <ItemGroup>
    <ClInclude Include="App.h" />
  </ItemGroup>
  <ItemGroup>
    <Filter Include="Shaders">
      <UniqueIdentifier>{8fd16be7-5f0c-4f88-ac22-70e030e261c0}</UniqueIdentifier>
    </Filter>
  </ItemGroup>
  <ItemGroup>
    <None Include="..\Data\Shaders\TessellationParameters.hlsl">
      <Filter>Shaders</Filter>
    </None>
  </ItemGroup>
</Project>