<?xml version="1.0" encoding="utf-8"?>
<Project ToolsVersion="4.0" xmlns="http://schemas.microsoft.com/developer/msbuild/2003">
  <ItemGroup>
    <ClCompile Include="App.cpp" />
    <ClCompile Include="AppSettings.cpp" />
    <ClCompile Include="ViewFinalPass.cpp" />
    <ClCompile Include="ViewGBuffer.cpp" />
    <ClCompile Include="ViewLights.cpp" />
  </ItemGroup>
  <ItemGroup>
    <ClInclude Include="App.h" />
    <ClInclude Include="AppSettings.h" />
    <ClInclude Include="ViewFinalPass.h" />
    <ClInclude Include="ViewGBuffer.h" />
    <ClInclude Include="ViewLights.h" />
  </ItemGroup>
  <ItemGroup>
    <Filter Include="Shaders">
      <UniqueIdentifier>{a5416a4f-7975-43f3-a8f1-b35129a58942}</UniqueIdentifier>
    </Filter>
  </ItemGroup>
  <ItemGroup>
    <None Include="..\Data\Shaders\LightsLP.hlsl">
      <Filter>Shaders</Filter>
    </None>
    <None Include="..\Data\Shaders\FinalPassLP.hlsl">
      <Filter>Shaders</Filter>
    </None>
    <None Include="..\Data\Shaders\GBufferLP.hlsl">
      <Filter>Shaders</Filter>
    </None>
  </ItemGroup>
</Project>