<?xml version="1.0" encoding="utf-8"?>
<Project ToolsVersion="4.0" xmlns="http://schemas.microsoft.com/developer/msbuild/2003">
  <ItemGroup>
    <ClCompile Include="App.cpp" />
  </ItemGroup>
  <ItemGroup>
    <ClInclude Include="App.h" />
  </ItemGroup>
  <ItemGroup>
    <Filter Include="Shaders">
      <UniqueIdentifier>{83097f93-b8dc-4295-ae2a-f3ec85f06c2a}</UniqueIdentifier>
    </Filter>
  </ItemGroup>
  <ItemGroup>
    <None Include="..\Data\Shaders\InterlockingTerrainTiles.hlsl">
      <Filter>Shaders</Filter>
    </None>
    <None Include="..\Data\Shaders\InterlockingTerrainTilesComputeShader.hlsl">
      <Filter>Shaders</Filter>
    </None>
  </ItemGroup>
</Project>