<?xml version="1.0" encoding="utf-8"?>
<Project ToolsVersion="4.0" xmlns="http://schemas.microsoft.com/developer/msbuild/2003">
  <ItemGroup>
    <Filter Include="Mathematics">
      <UniqueIdentifier>{93995380-89BD-4b04-88EB-625FBE52EBFB}</UniqueIdentifier>
      <Extensions>h;hpp;hxx;hm;inl;inc;xsd</Extensions>
    </Filter>
    <Filter Include="Application">
      <UniqueIdentifier>{8bc64fee-d62c-4eb3-a740-e81c26bcd053}</UniqueIdentifier>
    </Filter>
    <Filter Include="Utility">
      <UniqueIdentifier>{43b184e3-9c6f-4bc0-bdc2-3719596fcf72}</UniqueIdentifier>
    </Filter>
    <Filter Include="Events">
      <UniqueIdentifier>{60ef9de8-cab6-4947-b20c-2a9f9dc2e1da}</UniqueIdentifier>
    </Filter>
    <Filter Include="Events\Windows Messages">
      <UniqueIdentifier>{a41b7cea-8853-4111-b4e5-307f98114dd8}</UniqueIdentifier>
    </Filter>
    <Filter Include="Events\Windows Messages\Keyboard">
      <UniqueIdentifier>{5f5df7f8-ec22-481f-8082-7ffb8b5436ea}</UniqueIdentifier>
    </Filter>
    <Filter Include="Events\Windows Messages\Mouse">
      <UniqueIdentifier>{7530a15b-7c8a-4d0e-87ca-e1eb43a763ee}</UniqueIdentifier>
    </Filter>
    <Filter Include="Events\Windows Messages\Window">
      <UniqueIdentifier>{ffe90afb-084e-4e0d-86a7-40bfb970dcb3}</UniqueIdentifier>
    </Filter>
    <Filter Include="Events\Notifications">
      <UniqueIdentifier>{1349626e-a423-4b05-84ed-a6c76be90534}</UniqueIdentifier>
    </Filter>
    <Filter Include="Scripting">
      <UniqueIdentifier>{e2621004-835e-43af-881f-a8a370ecc64b}</UniqueIdentifier>
    </Filter>
    <Filter Include="Scripting\Interfaces">
      <UniqueIdentifier>{48873d21-a0a7-463c-892c-78dbfbad6d97}</UniqueIdentifier>
    </Filter>
    <Filter Include="Intersection">
      <UniqueIdentifier>{c3ddd1fc-146a-487d-bf33-a8d40491bb36}</UniqueIdentifier>
    </Filter>
    <Filter Include="Objects">
      <UniqueIdentifier>{9df64776-e5c3-4878-8c29-a040639b6004}</UniqueIdentifier>
    </Filter>
    <Filter Include="Objects\Basic Objects">
      <UniqueIdentifier>{584e7cf3-3234-42ca-8cdf-d6beb12d0e39}</UniqueIdentifier>
    </Filter>
    <Filter Include="Objects\Basic Objects\Controllers">
      <UniqueIdentifier>{88450194-98a8-4a55-b099-d9b627089220}</UniqueIdentifier>
    </Filter>
    <Filter Include="Objects\Scene Objects">
      <UniqueIdentifier>{095200c1-4e7a-4108-bb95-b6b995131c4e}</UniqueIdentifier>
    </Filter>
    <Filter Include="Animation">
      <UniqueIdentifier>{fdc38c02-55fb-4827-b2a3-57d57ce1fc69}</UniqueIdentifier>
    </Filter>
    <Filter Include="Shaders">
      <UniqueIdentifier>{e3ad7cce-7355-4c5c-99e8-1d995540352f}</UniqueIdentifier>
    </Filter>
    <Filter Include="Rendering">
      <UniqueIdentifier>{a2ba8055-be2f-4654-99ca-794b5e951860}</UniqueIdentifier>
    </Filter>
    <Filter Include="Rendering\Resources">
      <UniqueIdentifier>{d2fdd1a1-ad3c-407e-b11e-5413cf406317}</UniqueIdentifier>
    </Filter>
    <Filter Include="Rendering\Resources\Resource Views">
      <UniqueIdentifier>{2aede545-f61b-49fb-a441-82bb7be6cfab}</UniqueIdentifier>
    </Filter>
    <Filter Include="Rendering\Resources\Buffers">
      <UniqueIdentifier>{0c8622f1-262c-4a7c-8910-85398e0a0398}</UniqueIdentifier>
    </Filter>
    <Filter Include="Rendering\Resources\Textures">
      <UniqueIdentifier>{57422610-7964-4b6f-a384-c76de9a6f57d}</UniqueIdentifier>
    </Filter>
    <Filter Include="Rendering\States">
      <UniqueIdentifier>{b2e63eb4-3693-4a3e-8a48-afcb75af19b0}</UniqueIdentifier>
    </Filter>
    <Filter Include="Rendering\Pipeline">
      <UniqueIdentifier>{d99f0623-8780-4d4b-84a6-958f5bdffab9}</UniqueIdentifier>
    </Filter>
    <Filter Include="Rendering\Pipeline\Shader Stages">
      <UniqueIdentifier>{e2dd4465-1101-4e8b-8c3c-8a0d026de8da}</UniqueIdentifier>
    </Filter>
    <Filter Include="Rendering\Pipeline\Fixed Stages">
      <UniqueIdentifier>{90704a73-5103-4503-bcce-8def02b8fc29}</UniqueIdentifier>
    </Filter>
    <Filter Include="Rendering\Parameter System">
      <UniqueIdentifier>{e8445b50-eafc-4abf-b766-7bba9996207b}</UniqueIdentifier>
    </Filter>
    <Filter Include="Rendering\Parameter System\Parameters">
      <UniqueIdentifier>{4cb58066-83e6-44b9-a148-f077b270b4b6}</UniqueIdentifier>
    </Filter>
    <Filter Include="Rendering\Parameter System\Parameter Writers">
      <UniqueIdentifier>{2cc27d95-21be-4330-940d-b1bf3bf73a1c}</UniqueIdentifier>
    </Filter>
    <Filter Include="Rendering\Material System">
      <UniqueIdentifier>{ef5d967a-d0e0-41a3-8d84-f846ae992c01}</UniqueIdentifier>
    </Filter>
    <Filter Include="Rendering\Material System\Views">
      <UniqueIdentifier>{937b0131-8772-4f49-be71-cf5d32936dad}</UniqueIdentifier>
    </Filter>
    <Filter Include="Rendering\DXGI">
      <UniqueIdentifier>{32136d04-9eaf-40df-92f1-081a90af1261}</UniqueIdentifier>
    </Filter>
    <Filter Include="Rendering\Renderer Components">
      <UniqueIdentifier>{d19dab36-4a4e-42bf-accb-9c6de2b9bee2}</UniqueIdentifier>
    </Filter>
    <Filter Include="Rendering\Renderer Components\Multithreading">
      <UniqueIdentifier>{de64b4c7-a803-46b8-be60-b7769bfc353a}</UniqueIdentifier>
    </Filter>
    <Filter Include="Rendering\Sprites">
      <UniqueIdentifier>{b26337ec-832c-4f6b-ac0a-3126d157399c}</UniqueIdentifier>
    </Filter>
    <Filter Include="Geometry">
      <UniqueIdentifier>{c5e8eeae-bbcf-4ebe-a932-b12431f8415b}</UniqueIdentifier>
    </Filter>
    <Filter Include="Events\Rendering Events">
      <UniqueIdentifier>{fdcaa64a-b076-465c-9f59-64f466540be8}</UniqueIdentifier>
    </Filter>
    <Filter Include="Rendering\Pipeline\Shader Stages\Stages">
      <UniqueIdentifier>{8b2a725c-efa4-49dd-9c67-36e4631cc2a4}</UniqueIdentifier>
    </Filter>
    <Filter Include="Rendering\Pipeline\Shader Stages\States">
      <UniqueIdentifier>{6df9830a-b7fa-41cd-9107-b88a79203bea}</UniqueIdentifier>
    </Filter>
    <Filter Include="Rendering\Pipeline\Shader Stages\Shader Programs">
      <UniqueIdentifier>{b22437a4-23e9-4c6d-82ab-b1f9db28f01e}</UniqueIdentifier>
    </Filter>
    <Filter Include="Rendering\Pipeline\Fixed Stages\Stages">
      <UniqueIdentifier>{4712219c-dedb-40f2-9025-aa5a2f79252e}</UniqueIdentifier>
    </Filter>
    <Filter Include="Rendering\Pipeline\Fixed Stages\States">
      <UniqueIdentifier>{e7f9e892-c581-4eb0-9969-5e96cdbef663}</UniqueIdentifier>
    </Filter>
    <Filter Include="Objects\Actor Creation">
      <UniqueIdentifier>{310a865a-63af-4938-a473-0b4521f8c110}</UniqueIdentifier>
    </Filter>
    <Filter Include="Rendering\Utility">
      <UniqueIdentifier>{835f1b65-4607-4680-b5ad-6dd4eedaf246}</UniqueIdentifier>
    </Filter>
    <Filter Include="Rendering\Pipeline\Shader Stages\Shader Programs\Reflection">
      <UniqueIdentifier>{459e32db-dd34-4f16-b136-ce4bb25028fe}</UniqueIdentifier>
    </Filter>
    <Filter Include="Objects\Scene Objects\Actors">
      <UniqueIdentifier>{da272b85-59c3-4cb7-9514-e79c358a0222}</UniqueIdentifier>
    </Filter>
    <Filter Include="Objects\Scene Objects\Cameras">
      <UniqueIdentifier>{33623c22-7f15-4af2-a4e3-d83fa5192510}</UniqueIdentifier>
    </Filter>
    <Filter Include="Rendering\Pipeline Executors">
      <UniqueIdentifier>{e80ce3cc-2f51-4944-a289-f77dfdcf9fdc}</UniqueIdentifier>
    </Filter>
    <Filter Include="Rendering\Pipeline Executors\File Formats">
      <UniqueIdentifier>{9d8706bf-b60a-4b24-bbe6-d0b297432a36}</UniqueIdentifier>
    </Filter>
    <Filter Include="Rendering\Pipeline Executors\Basis Objects">
      <UniqueIdentifier>{db81f026-e22b-40df-8de0-3b9502b8788a}</UniqueIdentifier>
    </Filter>
  </ItemGroup>
  <ItemGroup>
    <ClCompile Include="Mathematics\Matrix3f.cpp">
      <Filter>Mathematics</Filter>
    </ClCompile>
    <ClCompile Include="Mathematics\Matrix4f.cpp">
      <Filter>Mathematics</Filter>
    </ClCompile>
    <ClCompile Include="Mathematics\PerlinNoise.cpp">
      <Filter>Mathematics</Filter>
    </ClCompile>
    <ClCompile Include="Mathematics\Vector2f.cpp">
      <Filter>Mathematics</Filter>
    </ClCompile>
    <ClCompile Include="Mathematics\Vector3f.cpp">
      <Filter>Mathematics</Filter>
    </ClCompile>
    <ClCompile Include="Mathematics\Vector4f.cpp">
      <Filter>Mathematics</Filter>
    </ClCompile>
    <ClCompile Include="Application\Application.cpp">
      <Filter>Application</Filter>
    </ClCompile>
    <ClCompile Include="Application\ConsoleWindow.cpp">
      <Filter>Application</Filter>
    </ClCompile>
    <ClCompile Include="Application\FileSystem.cpp">
      <Filter>Application</Filter>
    </ClCompile>
    <ClCompile Include="Application\main.cpp">
      <Filter>Application</Filter>
    </ClCompile>
    <ClCompile Include="Application\RenderApplication.cpp">
      <Filter>Application</Filter>
    </ClCompile>
    <ClCompile Include="Application\RenderWindow.cpp">
      <Filter>Application</Filter>
    </ClCompile>
    <ClCompile Include="Application\Win32RenderWindow.cpp">
      <Filter>Application</Filter>
    </ClCompile>
    <ClCompile Include="Utility\GlyphString.cpp">
      <Filter>Utility</Filter>
    </ClCompile>
    <ClCompile Include="Utility\Log.cpp">
      <Filter>Utility</Filter>
    </ClCompile>
    <ClCompile Include="Utility\PCH.cpp">
      <Filter>Utility</Filter>
    </ClCompile>
    <ClCompile Include="Utility\Timer.cpp">
      <Filter>Utility</Filter>
    </ClCompile>
    <ClCompile Include="Events\EventManager.cpp">
      <Filter>Events</Filter>
    </ClCompile>
    <ClCompile Include="Events\EvtWindowMsg.cpp">
      <Filter>Events\Windows Messages</Filter>
    </ClCompile>
    <ClCompile Include="Events\EvtChar.cpp">
      <Filter>Events\Windows Messages\Keyboard</Filter>
    </ClCompile>
    <ClCompile Include="Events\EvtKeyboardMsg.cpp">
      <Filter>Events\Windows Messages\Keyboard</Filter>
    </ClCompile>
    <ClCompile Include="Events\EvtKeyDown.cpp">
      <Filter>Events\Windows Messages\Keyboard</Filter>
    </ClCompile>
    <ClCompile Include="Events\EvtKeyUp.cpp">
      <Filter>Events\Windows Messages\Keyboard</Filter>
    </ClCompile>
    <ClCompile Include="Events\EvtMouseLButtonDown.cpp">
      <Filter>Events\Windows Messages\Mouse</Filter>
    </ClCompile>
    <ClCompile Include="Events\EvtMouseLButtonUp.cpp">
      <Filter>Events\Windows Messages\Mouse</Filter>
    </ClCompile>
    <ClCompile Include="Events\EvtMouseLeave.cpp">
      <Filter>Events\Windows Messages\Mouse</Filter>
    </ClCompile>
    <ClCompile Include="Events\EvtMouseMButtonDown.cpp">
      <Filter>Events\Windows Messages\Mouse</Filter>
    </ClCompile>
    <ClCompile Include="Events\EvtMouseMButtonUp.cpp">
      <Filter>Events\Windows Messages\Mouse</Filter>
    </ClCompile>
    <ClCompile Include="Events\EvtMouseMove.cpp">
      <Filter>Events\Windows Messages\Mouse</Filter>
    </ClCompile>
    <ClCompile Include="Events\EvtMouseMsg.cpp">
      <Filter>Events\Windows Messages\Mouse</Filter>
    </ClCompile>
    <ClCompile Include="Events\EvtMouseRButtonDown.cpp">
      <Filter>Events\Windows Messages\Mouse</Filter>
    </ClCompile>
    <ClCompile Include="Events\EvtMouseRButtonUp.cpp">
      <Filter>Events\Windows Messages\Mouse</Filter>
    </ClCompile>
    <ClCompile Include="Events\EvtMouseWheel.cpp">
      <Filter>Events\Windows Messages\Mouse</Filter>
    </ClCompile>
    <ClCompile Include="Events\EvtWindowResize.cpp">
      <Filter>Events\Windows Messages\Window</Filter>
    </ClCompile>
    <ClCompile Include="Events\EvtErrorMessage.cpp">
      <Filter>Events\Notifications</Filter>
    </ClCompile>
    <ClCompile Include="Events\EvtInfoMessage.cpp">
      <Filter>Events\Notifications</Filter>
    </ClCompile>
    <ClCompile Include="Scripting\ScriptManager.cpp">
      <Filter>Scripting</Filter>
    </ClCompile>
    <ClCompile Include="Scripting\ScriptIntfActor.cpp">
      <Filter>Scripting\Interfaces</Filter>
    </ClCompile>
    <ClCompile Include="Scripting\ScriptIntfApp.cpp">
      <Filter>Scripting\Interfaces</Filter>
    </ClCompile>
    <ClCompile Include="Rendering\RendererDX11.cpp">
      <Filter>Rendering</Filter>
    </ClCompile>
    <ClCompile Include="Rendering\ResourceProxyDX11.cpp">
      <Filter>Rendering\Resources</Filter>
    </ClCompile>
    <ClCompile Include="Rendering\DepthStencilViewConfigDX11.cpp">
      <Filter>Rendering\Resources\Resource Views</Filter>
    </ClCompile>
    <ClCompile Include="Rendering\DepthStencilViewDX11.cpp">
      <Filter>Rendering\Resources\Resource Views</Filter>
    </ClCompile>
    <ClCompile Include="Rendering\RenderTargetViewConfigDX11.cpp">
      <Filter>Rendering\Resources\Resource Views</Filter>
    </ClCompile>
    <ClCompile Include="Rendering\RenderTargetViewDX11.cpp">
      <Filter>Rendering\Resources\Resource Views</Filter>
    </ClCompile>
    <ClCompile Include="Rendering\ShaderResourceViewConfigDX11.cpp">
      <Filter>Rendering\Resources\Resource Views</Filter>
    </ClCompile>
    <ClCompile Include="Rendering\ShaderResourceViewDX11.cpp">
      <Filter>Rendering\Resources\Resource Views</Filter>
    </ClCompile>
    <ClCompile Include="Rendering\UnorderedAccessViewConfigDX11.cpp">
      <Filter>Rendering\Resources\Resource Views</Filter>
    </ClCompile>
    <ClCompile Include="Rendering\UnorderedAccessViewDX11.cpp">
      <Filter>Rendering\Resources\Resource Views</Filter>
    </ClCompile>
    <ClCompile Include="Rendering\BufferConfigDX11.cpp">
      <Filter>Rendering\Resources\Buffers</Filter>
    </ClCompile>
    <ClCompile Include="Rendering\BufferDX11.cpp">
      <Filter>Rendering\Resources\Buffers</Filter>
    </ClCompile>
    <ClCompile Include="Rendering\ByteAddressBufferDX11.cpp">
      <Filter>Rendering\Resources\Buffers</Filter>
    </ClCompile>
    <ClCompile Include="Rendering\ConstantBufferDX11.cpp">
      <Filter>Rendering\Resources\Buffers</Filter>
    </ClCompile>
    <ClCompile Include="Rendering\IndexBufferDX11.cpp">
      <Filter>Rendering\Resources\Buffers</Filter>
    </ClCompile>
    <ClCompile Include="Rendering\IndirectArgsBufferDX11.cpp">
      <Filter>Rendering\Resources\Buffers</Filter>
    </ClCompile>
    <ClCompile Include="Rendering\StructuredBufferDX11.cpp">
      <Filter>Rendering\Resources\Buffers</Filter>
    </ClCompile>
    <ClCompile Include="Rendering\VertexBufferDX11.cpp">
      <Filter>Rendering\Resources\Buffers</Filter>
    </ClCompile>
    <ClCompile Include="Rendering\SwapChainConfigDX11.cpp">
      <Filter>Rendering\Resources\Textures</Filter>
    </ClCompile>
    <ClCompile Include="Rendering\SwapChainDX11.cpp">
      <Filter>Rendering\Resources\Textures</Filter>
    </ClCompile>
    <ClCompile Include="Rendering\Texture1dConfigDX11.cpp">
      <Filter>Rendering\Resources\Textures</Filter>
    </ClCompile>
    <ClCompile Include="Rendering\Texture1dDX11.cpp">
      <Filter>Rendering\Resources\Textures</Filter>
    </ClCompile>
    <ClCompile Include="Rendering\Texture2dConfigDX11.cpp">
      <Filter>Rendering\Resources\Textures</Filter>
    </ClCompile>
    <ClCompile Include="Rendering\Texture2dDX11.cpp">
      <Filter>Rendering\Resources\Textures</Filter>
    </ClCompile>
    <ClCompile Include="Rendering\Texture3dConfigDX11.cpp">
      <Filter>Rendering\Resources\Textures</Filter>
    </ClCompile>
    <ClCompile Include="Rendering\Texture3dDX11.cpp">
      <Filter>Rendering\Resources\Textures</Filter>
    </ClCompile>
    <ClCompile Include="Rendering\BlendStateConfigDX11.cpp">
      <Filter>Rendering\States</Filter>
    </ClCompile>
    <ClCompile Include="Rendering\BlendStateDX11.cpp">
      <Filter>Rendering\States</Filter>
    </ClCompile>
    <ClCompile Include="Rendering\DepthStencilStateConfigDX11.cpp">
      <Filter>Rendering\States</Filter>
    </ClCompile>
    <ClCompile Include="Rendering\DepthStencilStateDX11.cpp">
      <Filter>Rendering\States</Filter>
    </ClCompile>
    <ClCompile Include="Rendering\InputLayoutDX11.cpp">
      <Filter>Rendering\States</Filter>
    </ClCompile>
    <ClCompile Include="Rendering\RasterizerStateConfigDX11.cpp">
      <Filter>Rendering\States</Filter>
    </ClCompile>
    <ClCompile Include="Rendering\RasterizerStateDX11.cpp">
      <Filter>Rendering\States</Filter>
    </ClCompile>
    <ClCompile Include="Rendering\SamplerStateConfigDX11.cpp">
      <Filter>Rendering\States</Filter>
    </ClCompile>
    <ClCompile Include="Rendering\SamplerStateDX11.cpp">
      <Filter>Rendering\States</Filter>
    </ClCompile>
    <ClCompile Include="Rendering\ViewPortDX11.cpp">
      <Filter>Rendering\States</Filter>
    </ClCompile>
    <ClCompile Include="Rendering\PipelineManagerDX11.cpp">
      <Filter>Rendering\Pipeline</Filter>
    </ClCompile>
    <ClCompile Include="Rendering\ComputeShaderDX11.cpp">
      <Filter>Rendering\Pipeline\Shader Stages\Shader Programs</Filter>
    </ClCompile>
    <ClCompile Include="Rendering\DomainShaderDX11.cpp">
      <Filter>Rendering\Pipeline\Shader Stages\Shader Programs</Filter>
    </ClCompile>
    <ClCompile Include="Rendering\GeometryShaderDX11.cpp">
      <Filter>Rendering\Pipeline\Shader Stages\Shader Programs</Filter>
    </ClCompile>
    <ClCompile Include="Rendering\HullShaderDX11.cpp">
      <Filter>Rendering\Pipeline\Shader Stages\Shader Programs</Filter>
    </ClCompile>
    <ClCompile Include="Rendering\PixelShaderDX11.cpp">
      <Filter>Rendering\Pipeline\Shader Stages\Shader Programs</Filter>
    </ClCompile>
    <ClCompile Include="Rendering\ShaderDX11.cpp">
      <Filter>Rendering\Pipeline\Shader Stages\Shader Programs</Filter>
    </ClCompile>
    <ClCompile Include="Rendering\VertexShaderDX11.cpp">
      <Filter>Rendering\Pipeline\Shader Stages\Shader Programs</Filter>
    </ClCompile>
    <ClCompile Include="Rendering\ParameterManagerDX11.cpp">
      <Filter>Rendering\Parameter System</Filter>
    </ClCompile>
    <ClCompile Include="Rendering\ConstantBufferParameterDX11.cpp">
      <Filter>Rendering\Parameter System\Parameters</Filter>
    </ClCompile>
    <ClCompile Include="Rendering\MatrixArrayParameterDX11.cpp">
      <Filter>Rendering\Parameter System\Parameters</Filter>
    </ClCompile>
    <ClCompile Include="Rendering\MatrixParameterDX11.cpp">
      <Filter>Rendering\Parameter System\Parameters</Filter>
    </ClCompile>
    <ClCompile Include="Rendering\RenderParameterDX11.cpp">
      <Filter>Rendering\Parameter System\Parameters</Filter>
    </ClCompile>
    <ClCompile Include="Rendering\SamplerParameterDX11.cpp">
      <Filter>Rendering\Parameter System\Parameters</Filter>
    </ClCompile>
    <ClCompile Include="Rendering\ShaderResourceParameterDX11.cpp">
      <Filter>Rendering\Parameter System\Parameters</Filter>
    </ClCompile>
    <ClCompile Include="Rendering\UnorderedAccessParameterDX11.cpp">
      <Filter>Rendering\Parameter System\Parameters</Filter>
    </ClCompile>
    <ClCompile Include="Rendering\VectorParameterDX11.cpp">
      <Filter>Rendering\Parameter System\Parameters</Filter>
    </ClCompile>
    <ClCompile Include="Rendering\ConstantBufferParameterWriterDX11.cpp">
      <Filter>Rendering\Parameter System\Parameter Writers</Filter>
    </ClCompile>
    <ClCompile Include="Rendering\MatrixArrayParameterWriterDX11.cpp">
      <Filter>Rendering\Parameter System\Parameter Writers</Filter>
    </ClCompile>
    <ClCompile Include="Rendering\MatrixParameterWriterDX11.cpp">
      <Filter>Rendering\Parameter System\Parameter Writers</Filter>
    </ClCompile>
    <ClCompile Include="Rendering\ParameterWriter.cpp">
      <Filter>Rendering\Parameter System\Parameter Writers</Filter>
    </ClCompile>
    <ClCompile Include="Rendering\SamplerParameterWriterDX11.cpp">
      <Filter>Rendering\Parameter System\Parameter Writers</Filter>
    </ClCompile>
    <ClCompile Include="Rendering\ShaderResourceParameterWriterDX11.cpp">
      <Filter>Rendering\Parameter System\Parameter Writers</Filter>
    </ClCompile>
    <ClCompile Include="Rendering\UnorderedAccessParameterWriterDX11.cpp">
      <Filter>Rendering\Parameter System\Parameter Writers</Filter>
    </ClCompile>
    <ClCompile Include="Rendering\VectorParameterWriterDX11.cpp">
      <Filter>Rendering\Parameter System\Parameter Writers</Filter>
    </ClCompile>
    <ClCompile Include="Rendering\GeometryDX11.cpp">
      <Filter>Rendering\Pipeline Executors</Filter>
    </ClCompile>
    <ClCompile Include="Rendering\GeometryGeneratorDX11.cpp">
      <Filter>Rendering\Pipeline Executors</Filter>
    </ClCompile>
    <ClCompile Include="Rendering\GeometryLoaderDX11.cpp">
      <Filter>Rendering\Pipeline Executors</Filter>
    </ClCompile>
    <ClCompile Include="Rendering\EntityRenderParams.cpp">
      <Filter>Rendering\Material System</Filter>
    </ClCompile>
    <ClCompile Include="Rendering\MaterialDX11.cpp">
      <Filter>Rendering\Material System</Filter>
    </ClCompile>
    <ClCompile Include="Rendering\MaterialGeneratorDX11.cpp">
      <Filter>Rendering\Material System</Filter>
    </ClCompile>
    <ClCompile Include="Rendering\RenderEffectDX11.cpp">
      <Filter>Rendering\Material System</Filter>
    </ClCompile>
    <ClCompile Include="Rendering\IRenderView.cpp">
      <Filter>Rendering\Material System\Views</Filter>
    </ClCompile>
    <ClCompile Include="Rendering\ViewAmbientOcclusion.cpp">
      <Filter>Rendering\Material System\Views</Filter>
    </ClCompile>
    <ClCompile Include="Rendering\ViewDepthNormal.cpp">
      <Filter>Rendering\Material System\Views</Filter>
    </ClCompile>
    <ClCompile Include="Rendering\ViewOcclusion.cpp">
      <Filter>Rendering\Material System\Views</Filter>
    </ClCompile>
    <ClCompile Include="Rendering\ViewPerspective.cpp">
      <Filter>Rendering\Material System\Views</Filter>
    </ClCompile>
    <ClCompile Include="Rendering\ViewRenderParams.cpp">
      <Filter>Rendering\Material System\Views</Filter>
    </ClCompile>
    <ClCompile Include="Rendering\ViewTextOverlay.cpp">
      <Filter>Rendering\Material System\Views</Filter>
    </ClCompile>
    <ClCompile Include="Rendering\DXGIAdapter.cpp">
      <Filter>Rendering\DXGI</Filter>
    </ClCompile>
    <ClCompile Include="Rendering\DXGIOutput.cpp">
      <Filter>Rendering\DXGI</Filter>
    </ClCompile>
    <ClCompile Include="Rendering\CommandListDX11.cpp">
      <Filter>Rendering\Renderer Components\Multithreading</Filter>
    </ClCompile>
    <ClCompile Include="Rendering\SpriteFontDX11.cpp">
      <Filter>Rendering\Sprites</Filter>
    </ClCompile>
    <ClCompile Include="Rendering\SpriteRendererDX11.cpp">
      <Filter>Rendering\Sprites</Filter>
    </ClCompile>
    <ClCompile Include="Intersection\Intersector.cpp">
      <Filter>Intersection</Filter>
    </ClCompile>
    <ClCompile Include="Intersection\IntrRay3fBox3f.cpp">
      <Filter>Intersection</Filter>
    </ClCompile>
    <ClCompile Include="Intersection\IntrRay3fSphere3f.cpp">
      <Filter>Intersection</Filter>
    </ClCompile>
    <ClCompile Include="Objects\Entity3D.cpp">
      <Filter>Objects\Basic Objects</Filter>
    </ClCompile>
    <ClCompile Include="Objects\Node3D.cpp">
      <Filter>Objects\Basic Objects</Filter>
    </ClCompile>
    <ClCompile Include="Objects\PickRecord.cpp">
      <Filter>Objects\Basic Objects</Filter>
    </ClCompile>
    <ClCompile Include="Objects\IController.cpp">
      <Filter>Objects\Basic Objects\Controllers</Filter>
    </ClCompile>
    <ClCompile Include="Objects\RotationController.cpp">
      <Filter>Objects\Basic Objects\Controllers</Filter>
    </ClCompile>
    <ClCompile Include="Objects\SkinnedBoneController.cpp">
      <Filter>Objects\Basic Objects\Controllers</Filter>
    </ClCompile>
    <ClCompile Include="Objects\Light.cpp">
      <Filter>Objects\Scene Objects</Filter>
    </ClCompile>
    <ClCompile Include="Objects\Scene.cpp">
      <Filter>Objects\Scene Objects</Filter>
    </ClCompile>
    <ClCompile Include="Objects\ActorGenerator.cpp">
      <Filter>Objects\Actor Creation</Filter>
    </ClCompile>
    <ClCompile Include="Animation\AnimationStream.cpp">
      <Filter>Animation</Filter>
    </ClCompile>
    <ClCompile Include="Geometry\Box3f.cpp">
      <Filter>Geometry</Filter>
    </ClCompile>
    <ClCompile Include="Geometry\CompositeShape.cpp">
      <Filter>Geometry</Filter>
    </ClCompile>
    <ClCompile Include="Geometry\Frustum3f.cpp">
      <Filter>Geometry</Filter>
    </ClCompile>
    <ClCompile Include="Geometry\TriangleIndices.cpp">
      <Filter>Geometry</Filter>
    </ClCompile>
    <ClCompile Include="Geometry\Triangle3f.cpp">
      <Filter>Geometry</Filter>
    </ClCompile>
    <ClCompile Include="Geometry\Sphere3f.cpp">
      <Filter>Geometry</Filter>
    </ClCompile>
    <ClCompile Include="Geometry\Shape3D.cpp">
      <Filter>Geometry</Filter>
    </ClCompile>
    <ClCompile Include="Geometry\Ray3f.cpp">
      <Filter>Geometry</Filter>
    </ClCompile>
    <ClCompile Include="Geometry\PointIndices.cpp">
      <Filter>Geometry</Filter>
    </ClCompile>
    <ClCompile Include="Geometry\Plane3f.cpp">
      <Filter>Geometry</Filter>
    </ClCompile>
    <ClCompile Include="Geometry\LineIndices.cpp">
      <Filter>Geometry</Filter>
    </ClCompile>
    <ClCompile Include="Rendering\ParameterContainer.cpp">
      <Filter>Rendering\Parameter System</Filter>
    </ClCompile>
    <ClCompile Include="Events\EvtFrameStart.cpp">
      <Filter>Events\Rendering Events</Filter>
    </ClCompile>
    <ClCompile Include="Rendering\PipelineExecutorDX11.cpp">
      <Filter>Rendering\Pipeline Executors</Filter>
    </ClCompile>
    <ClCompile Include="Rendering\ComputeStageDX11.cpp">
      <Filter>Rendering\Pipeline\Shader Stages\Stages</Filter>
    </ClCompile>
    <ClCompile Include="Rendering\DomainStageDX11.cpp">
      <Filter>Rendering\Pipeline\Shader Stages\Stages</Filter>
    </ClCompile>
    <ClCompile Include="Rendering\GeometryStageDX11.cpp">
      <Filter>Rendering\Pipeline\Shader Stages\Stages</Filter>
    </ClCompile>
    <ClCompile Include="Rendering\HullStageDX11.cpp">
      <Filter>Rendering\Pipeline\Shader Stages\Stages</Filter>
    </ClCompile>
    <ClCompile Include="Rendering\PixelStageDX11.cpp">
      <Filter>Rendering\Pipeline\Shader Stages\Stages</Filter>
    </ClCompile>
    <ClCompile Include="Rendering\ShaderStageDX11.cpp">
      <Filter>Rendering\Pipeline\Shader Stages\Stages</Filter>
    </ClCompile>
    <ClCompile Include="Rendering\VertexStageDX11.cpp">
      <Filter>Rendering\Pipeline\Shader Stages\Stages</Filter>
    </ClCompile>
    <ClCompile Include="Rendering\ShaderStageStateDX11.cpp">
      <Filter>Rendering\Pipeline\Shader Stages\States</Filter>
    </ClCompile>
    <ClCompile Include="Rendering\RasterizerStageStateDX11.cpp">
      <Filter>Rendering\Pipeline\Fixed Stages\States</Filter>
    </ClCompile>
    <ClCompile Include="Rendering\InputAssemblerStateDX11.cpp">
      <Filter>Rendering\Pipeline\Fixed Stages\States</Filter>
    </ClCompile>
    <ClCompile Include="Rendering\InputAssemblerStageDX11.cpp">
      <Filter>Rendering\Pipeline\Fixed Stages\Stages</Filter>
    </ClCompile>
    <ClCompile Include="Rendering\OutputMergerStageDX11.cpp">
      <Filter>Rendering\Pipeline\Fixed Stages\Stages</Filter>
    </ClCompile>
    <ClCompile Include="Rendering\RasterizerStageDX11.cpp">
      <Filter>Rendering\Pipeline\Fixed Stages\Stages</Filter>
    </ClCompile>
    <ClCompile Include="Rendering\OutputMergerStageStateDX11.cpp">
      <Filter>Rendering\Pipeline\Fixed Stages\States</Filter>
    </ClCompile>
    <ClCompile Include="Rendering\ResourceDX11.cpp">
      <Filter>Rendering\Resources</Filter>
    </ClCompile>
    <ClCompile Include="Rendering\D3DEnumConversion.cpp">
      <Filter>Rendering\Utility</Filter>
    </ClCompile>
    <ClCompile Include="Rendering\ShaderReflectionDX11.cpp">
      <Filter>Rendering\Pipeline\Shader Stages\Shader Programs\Reflection</Filter>
    </ClCompile>
    <ClCompile Include="Rendering\ShaderReflectionFactoryDX11.cpp">
      <Filter>Rendering\Pipeline\Shader Stages\Shader Programs\Reflection</Filter>
    </ClCompile>
    <ClCompile Include="Rendering\ShaderFactoryDX11.cpp">
      <Filter>Rendering\Pipeline\Shader Stages\Shader Programs</Filter>
    </ClCompile>
    <ClCompile Include="Application\FileLoader.cpp">
      <Filter>Application</Filter>
    </ClCompile>
    <ClCompile Include="Rendering\ImmediateGeometryDX11.cpp">
      <Filter>Rendering\Pipeline Executors</Filter>
    </ClCompile>
    <ClCompile Include="Rendering\IndexedImmediateGeometryDX11.cpp">
      <Filter>Rendering\Pipeline Executors</Filter>
    </ClCompile>
    <ClCompile Include="Rendering\InstancedQuadGeometryDX11.cpp">
      <Filter>Rendering\Pipeline Executors</Filter>
    </ClCompile>
    <ClCompile Include="Rendering\VertexElementDX11.cpp">
      <Filter>Rendering\Pipeline Executors\Basis Objects</Filter>
    </ClCompile>
    <ClCompile Include="Objects\Actor.cpp">
      <Filter>Objects\Scene Objects\Actors</Filter>
    </ClCompile>
    <ClCompile Include="Objects\GeometryActor.cpp">
      <Filter>Objects\Scene Objects\Actors</Filter>
    </ClCompile>
    <ClCompile Include="Objects\SkinnedActor.cpp">
      <Filter>Objects\Scene Objects\Actors</Filter>
    </ClCompile>
    <ClCompile Include="Objects\TextActor.cpp">
      <Filter>Objects\Scene Objects\Actors</Filter>
    </ClCompile>
    <ClCompile Include="Objects\Camera.cpp">
      <Filter>Objects\Scene Objects\Cameras</Filter>
    </ClCompile>
    <ClCompile Include="Objects\FirstPersonCamera.cpp">
      <Filter>Objects\Scene Objects\Cameras</Filter>
    </ClCompile>
  </ItemGroup>
  <ItemGroup>
    <ClInclude Include="Mathematics\Matrix3f.h">
      <Filter>Mathematics</Filter>
    </ClInclude>
    <ClInclude Include="Mathematics\Matrix4f.h">
      <Filter>Mathematics</Filter>
    </ClInclude>
    <ClInclude Include="Mathematics\PerlinNoise.h">
      <Filter>Mathematics</Filter>
    </ClInclude>
    <ClInclude Include="Mathematics\Vector2f.h">
      <Filter>Mathematics</Filter>
    </ClInclude>
    <ClInclude Include="Mathematics\Vector3f.h">
      <Filter>Mathematics</Filter>
    </ClInclude>
    <ClInclude Include="Mathematics\Vector4f.h">
      <Filter>Mathematics</Filter>
    </ClInclude>
    <ClInclude Include="Application\Application.h">
      <Filter>Application</Filter>
    </ClInclude>
    <ClInclude Include="Application\ConsoleWindow.h">
      <Filter>Application</Filter>
    </ClInclude>
    <ClInclude Include="Application\FileSystem.h">
      <Filter>Application</Filter>
    </ClInclude>
    <ClInclude Include="Application\RenderApplication.h">
      <Filter>Application</Filter>
    </ClInclude>
    <ClInclude Include="Application\RenderWindow.h">
      <Filter>Application</Filter>
    </ClInclude>
    <ClInclude Include="Application\Win32RenderWindow.h">
      <Filter>Application</Filter>
    </ClInclude>
    <ClInclude Include="Utility\GlyphString.h">
      <Filter>Utility</Filter>
    </ClInclude>
    <ClInclude Include="Utility\Log.h">
      <Filter>Utility</Filter>
    </ClInclude>
    <ClInclude Include="Utility\PCH.h">
      <Filter>Utility</Filter>
    </ClInclude>
    <ClInclude Include="Utility\TArray.h">
      <Filter>Utility</Filter>
    </ClInclude>
    <ClInclude Include="Utility\Timer.h">
      <Filter>Utility</Filter>
    </ClInclude>
    <ClInclude Include="Events\EventManager.h">
      <Filter>Events</Filter>
    </ClInclude>
    <ClInclude Include="Events\IEvent.h">
      <Filter>Events</Filter>
    </ClInclude>
    <ClInclude Include="Events\IEventListener.h">
      <Filter>Events</Filter>
    </ClInclude>
    <ClInclude Include="Events\EvtWindowMsg.h">
      <Filter>Events\Windows Messages</Filter>
    </ClInclude>
    <ClInclude Include="Events\EvtChar.h">
      <Filter>Events\Windows Messages\Keyboard</Filter>
    </ClInclude>
    <ClInclude Include="Events\EvtKeyboardMsg.h">
      <Filter>Events\Windows Messages\Keyboard</Filter>
    </ClInclude>
    <ClInclude Include="Events\EvtKeyDown.h">
      <Filter>Events\Windows Messages\Keyboard</Filter>
    </ClInclude>
    <ClInclude Include="Events\EvtKeyUp.h">
      <Filter>Events\Windows Messages\Keyboard</Filter>
    </ClInclude>
    <ClInclude Include="Events\EvtMouseLButtonDown.h">
      <Filter>Events\Windows Messages\Mouse</Filter>
    </ClInclude>
    <ClInclude Include="Events\EvtMouseLButtonUp.h">
      <Filter>Events\Windows Messages\Mouse</Filter>
    </ClInclude>
    <ClInclude Include="Events\EvtMouseLeave.h">
      <Filter>Events\Windows Messages\Mouse</Filter>
    </ClInclude>
    <ClInclude Include="Events\EvtMouseMButtonDown.h">
      <Filter>Events\Windows Messages\Mouse</Filter>
    </ClInclude>
    <ClInclude Include="Events\EvtMouseMButtonUp.h">
      <Filter>Events\Windows Messages\Mouse</Filter>
    </ClInclude>
    <ClInclude Include="Events\EvtMouseMove.h">
      <Filter>Events\Windows Messages\Mouse</Filter>
    </ClInclude>
    <ClInclude Include="Events\EvtMouseMsg.h">
      <Filter>Events\Windows Messages\Mouse</Filter>
    </ClInclude>
    <ClInclude Include="Events\EvtMouseRButtonDown.h">
      <Filter>Events\Windows Messages\Mouse</Filter>
    </ClInclude>
    <ClInclude Include="Events\EvtMouseRButtonUp.h">
      <Filter>Events\Windows Messages\Mouse</Filter>
    </ClInclude>
    <ClInclude Include="Events\EvtMouseWheel.h">
      <Filter>Events\Windows Messages\Mouse</Filter>
    </ClInclude>
    <ClInclude Include="Events\EvtWindowResize.h">
      <Filter>Events\Windows Messages\Window</Filter>
    </ClInclude>
    <ClInclude Include="Events\EvtErrorMessage.h">
      <Filter>Events\Notifications</Filter>
    </ClInclude>
    <ClInclude Include="Events\EvtInfoMessage.h">
      <Filter>Events\Notifications</Filter>
    </ClInclude>
    <ClInclude Include="Scripting\IScriptInterface.h">
      <Filter>Scripting</Filter>
    </ClInclude>
    <ClInclude Include="Scripting\ScriptManager.h">
      <Filter>Scripting</Filter>
    </ClInclude>
    <ClInclude Include="Scripting\ScriptIntfActor.h">
      <Filter>Scripting\Interfaces</Filter>
    </ClInclude>
    <ClInclude Include="Scripting\ScriptIntfApp.h">
      <Filter>Scripting\Interfaces</Filter>
    </ClInclude>
    <ClInclude Include="Rendering\IRenderer.h">
      <Filter>Rendering</Filter>
    </ClInclude>
    <ClInclude Include="Rendering\RendererDX11.h">
      <Filter>Rendering</Filter>
    </ClInclude>
    <ClInclude Include="Rendering\ResourceDX11.h">
      <Filter>Rendering\Resources</Filter>
    </ClInclude>
    <ClInclude Include="Rendering\ResourceProxyDX11.h">
      <Filter>Rendering\Resources</Filter>
    </ClInclude>
    <ClInclude Include="Rendering\DepthStencilViewConfigDX11.h">
      <Filter>Rendering\Resources\Resource Views</Filter>
    </ClInclude>
    <ClInclude Include="Rendering\DepthStencilViewDX11.h">
      <Filter>Rendering\Resources\Resource Views</Filter>
    </ClInclude>
    <ClInclude Include="Rendering\RenderTargetViewConfigDX11.h">
      <Filter>Rendering\Resources\Resource Views</Filter>
    </ClInclude>
    <ClInclude Include="Rendering\RenderTargetViewDX11.h">
      <Filter>Rendering\Resources\Resource Views</Filter>
    </ClInclude>
    <ClInclude Include="Rendering\ResourceViewDX11.h">
      <Filter>Rendering\Resources\Resource Views</Filter>
    </ClInclude>
    <ClInclude Include="Rendering\ShaderResourceViewConfigDX11.h">
      <Filter>Rendering\Resources\Resource Views</Filter>
    </ClInclude>
    <ClInclude Include="Rendering\ShaderResourceViewDX11.h">
      <Filter>Rendering\Resources\Resource Views</Filter>
    </ClInclude>
    <ClInclude Include="Rendering\UnorderedAccessViewConfigDX11.h">
      <Filter>Rendering\Resources\Resource Views</Filter>
    </ClInclude>
    <ClInclude Include="Rendering\UnorderedAccessViewDX11.h">
      <Filter>Rendering\Resources\Resource Views</Filter>
    </ClInclude>
    <ClInclude Include="Rendering\BufferConfigDX11.h">
      <Filter>Rendering\Resources\Buffers</Filter>
    </ClInclude>
    <ClInclude Include="Rendering\BufferDX11.h">
      <Filter>Rendering\Resources\Buffers</Filter>
    </ClInclude>
    <ClInclude Include="Rendering\ByteAddressBufferDX11.h">
      <Filter>Rendering\Resources\Buffers</Filter>
    </ClInclude>
    <ClInclude Include="Rendering\ConstantBufferDX11.h">
      <Filter>Rendering\Resources\Buffers</Filter>
    </ClInclude>
    <ClInclude Include="Rendering\IndexBufferDX11.h">
      <Filter>Rendering\Resources\Buffers</Filter>
    </ClInclude>
    <ClInclude Include="Rendering\IndirectArgsBufferDX11.h">
      <Filter>Rendering\Resources\Buffers</Filter>
    </ClInclude>
    <ClInclude Include="Rendering\StructuredBufferDX11.h">
      <Filter>Rendering\Resources\Buffers</Filter>
    </ClInclude>
    <ClInclude Include="Rendering\VertexBufferDX11.h">
      <Filter>Rendering\Resources\Buffers</Filter>
    </ClInclude>
    <ClInclude Include="Rendering\SwapChainConfigDX11.h">
      <Filter>Rendering\Resources\Textures</Filter>
    </ClInclude>
    <ClInclude Include="Rendering\SwapChainDX11.h">
      <Filter>Rendering\Resources\Textures</Filter>
    </ClInclude>
    <ClInclude Include="Rendering\Texture1dConfigDX11.h">
      <Filter>Rendering\Resources\Textures</Filter>
    </ClInclude>
    <ClInclude Include="Rendering\Texture1dDX11.h">
      <Filter>Rendering\Resources\Textures</Filter>
    </ClInclude>
    <ClInclude Include="Rendering\Texture2dConfigDX11.h">
      <Filter>Rendering\Resources\Textures</Filter>
    </ClInclude>
    <ClInclude Include="Rendering\Texture2dDX11.h">
      <Filter>Rendering\Resources\Textures</Filter>
    </ClInclude>
    <ClInclude Include="Rendering\Texture3dConfigDX11.h">
      <Filter>Rendering\Resources\Textures</Filter>
    </ClInclude>
    <ClInclude Include="Rendering\Texture3dDX11.h">
      <Filter>Rendering\Resources\Textures</Filter>
    </ClInclude>
    <ClInclude Include="Rendering\BlendStateConfigDX11.h">
      <Filter>Rendering\States</Filter>
    </ClInclude>
    <ClInclude Include="Rendering\BlendStateDX11.h">
      <Filter>Rendering\States</Filter>
    </ClInclude>
    <ClInclude Include="Rendering\DepthStencilStateConfigDX11.h">
      <Filter>Rendering\States</Filter>
    </ClInclude>
    <ClInclude Include="Rendering\DepthStencilStateDX11.h">
      <Filter>Rendering\States</Filter>
    </ClInclude>
    <ClInclude Include="Rendering\InputLayoutDX11.h">
      <Filter>Rendering\States</Filter>
    </ClInclude>
    <ClInclude Include="Rendering\RasterizerStateConfigDX11.h">
      <Filter>Rendering\States</Filter>
    </ClInclude>
    <ClInclude Include="Rendering\RasterizerStateDX11.h">
      <Filter>Rendering\States</Filter>
    </ClInclude>
    <ClInclude Include="Rendering\SamplerStateConfigDX11.h">
      <Filter>Rendering\States</Filter>
    </ClInclude>
    <ClInclude Include="Rendering\SamplerStateDX11.h">
      <Filter>Rendering\States</Filter>
    </ClInclude>
    <ClInclude Include="Rendering\ViewPortDX11.h">
      <Filter>Rendering\States</Filter>
    </ClInclude>
    <ClInclude Include="Rendering\PipelineManagerDX11.h">
      <Filter>Rendering\Pipeline</Filter>
    </ClInclude>
    <ClInclude Include="Rendering\ComputeShaderDX11.h">
      <Filter>Rendering\Pipeline\Shader Stages\Shader Programs</Filter>
    </ClInclude>
    <ClInclude Include="Rendering\DomainShaderDX11.h">
      <Filter>Rendering\Pipeline\Shader Stages\Shader Programs</Filter>
    </ClInclude>
    <ClInclude Include="Rendering\GeometryShaderDX11.h">
      <Filter>Rendering\Pipeline\Shader Stages\Shader Programs</Filter>
    </ClInclude>
    <ClInclude Include="Rendering\HullShaderDX11.h">
      <Filter>Rendering\Pipeline\Shader Stages\Shader Programs</Filter>
    </ClInclude>
    <ClInclude Include="Rendering\PixelShaderDX11.h">
      <Filter>Rendering\Pipeline\Shader Stages\Shader Programs</Filter>
    </ClInclude>
    <ClInclude Include="Rendering\ShaderDX11.h">
      <Filter>Rendering\Pipeline\Shader Stages\Shader Programs</Filter>
    </ClInclude>
    <ClInclude Include="Rendering\VertexShaderDX11.h">
      <Filter>Rendering\Pipeline\Shader Stages\Shader Programs</Filter>
    </ClInclude>
    <ClInclude Include="Rendering\IParameterManager.h">
      <Filter>Rendering\Parameter System</Filter>
    </ClInclude>
    <ClInclude Include="Rendering\ParameterManagerDX11.h">
      <Filter>Rendering\Parameter System</Filter>
    </ClInclude>
    <ClInclude Include="Rendering\ConstantBufferParameterDX11.h">
      <Filter>Rendering\Parameter System\Parameters</Filter>
    </ClInclude>
    <ClInclude Include="Rendering\MatrixArrayParameterDX11.h">
      <Filter>Rendering\Parameter System\Parameters</Filter>
    </ClInclude>
    <ClInclude Include="Rendering\MatrixParameterDX11.h">
      <Filter>Rendering\Parameter System\Parameters</Filter>
    </ClInclude>
    <ClInclude Include="Rendering\RenderParameterDX11.h">
      <Filter>Rendering\Parameter System\Parameters</Filter>
    </ClInclude>
    <ClInclude Include="Rendering\SamplerParameterDX11.h">
      <Filter>Rendering\Parameter System\Parameters</Filter>
    </ClInclude>
    <ClInclude Include="Rendering\ShaderResourceParameterDX11.h">
      <Filter>Rendering\Parameter System\Parameters</Filter>
    </ClInclude>
    <ClInclude Include="Rendering\UnorderedAccessParameterDX11.h">
      <Filter>Rendering\Parameter System\Parameters</Filter>
    </ClInclude>
    <ClInclude Include="Rendering\VectorParameterDX11.h">
      <Filter>Rendering\Parameter System\Parameters</Filter>
    </ClInclude>
    <ClInclude Include="Rendering\ConstantBufferParameterWriterDX11.h">
      <Filter>Rendering\Parameter System\Parameter Writers</Filter>
    </ClInclude>
    <ClInclude Include="Rendering\MatrixArrayParameterWriterDX11.h">
      <Filter>Rendering\Parameter System\Parameter Writers</Filter>
    </ClInclude>
    <ClInclude Include="Rendering\MatrixParameterWriterDX11.h">
      <Filter>Rendering\Parameter System\Parameter Writers</Filter>
    </ClInclude>
    <ClInclude Include="Rendering\ParameterWriter.h">
      <Filter>Rendering\Parameter System\Parameter Writers</Filter>
    </ClInclude>
    <ClInclude Include="Rendering\SamplerParameterWriterDX11.h">
      <Filter>Rendering\Parameter System\Parameter Writers</Filter>
    </ClInclude>
    <ClInclude Include="Rendering\ShaderResourceParameterWriterDX11.h">
      <Filter>Rendering\Parameter System\Parameter Writers</Filter>
    </ClInclude>
    <ClInclude Include="Rendering\UnorderedAccessParameterWriterDX11.h">
      <Filter>Rendering\Parameter System\Parameter Writers</Filter>
    </ClInclude>
    <ClInclude Include="Rendering\VectorParameterWriterDX11.h">
      <Filter>Rendering\Parameter System\Parameter Writers</Filter>
    </ClInclude>
    <ClInclude Include="Rendering\GeometryDX11.h">
      <Filter>Rendering\Pipeline Executors</Filter>
    </ClInclude>
    <ClInclude Include="Rendering\GeometryGeneratorDX11.h">
      <Filter>Rendering\Pipeline Executors</Filter>
    </ClInclude>
    <ClInclude Include="Rendering\GeometryLoaderDX11.h">
      <Filter>Rendering\Pipeline Executors</Filter>
    </ClInclude>
    <ClInclude Include="Rendering\ms3dspec.h">
      <Filter>Rendering\Pipeline Executors\File Formats</Filter>
    </ClInclude>
    <ClInclude Include="Rendering\EntityRenderParams.h">
      <Filter>Rendering\Material System</Filter>
    </ClInclude>
    <ClInclude Include="Rendering\MaterialDX11.h">
      <Filter>Rendering\Material System</Filter>
    </ClInclude>
    <ClInclude Include="Rendering\MaterialGeneratorDX11.h">
      <Filter>Rendering\Material System</Filter>
    </ClInclude>
    <ClInclude Include="Rendering\RenderEffectDX11.h">
      <Filter>Rendering\Material System</Filter>
    </ClInclude>
    <ClInclude Include="Rendering\IRenderView.h">
      <Filter>Rendering\Material System\Views</Filter>
    </ClInclude>
    <ClInclude Include="Rendering\ViewAmbientOcclusion.h">
      <Filter>Rendering\Material System\Views</Filter>
    </ClInclude>
    <ClInclude Include="Rendering\ViewDepthNormal.h">
      <Filter>Rendering\Material System\Views</Filter>
    </ClInclude>
    <ClInclude Include="Rendering\ViewOcclusion.h">
      <Filter>Rendering\Material System\Views</Filter>
    </ClInclude>
    <ClInclude Include="Rendering\ViewPerspective.h">
      <Filter>Rendering\Material System\Views</Filter>
    </ClInclude>
    <ClInclude Include="Rendering\ViewRenderParams.h">
      <Filter>Rendering\Material System\Views</Filter>
    </ClInclude>
    <ClInclude Include="Rendering\ViewTextOverlay.h">
      <Filter>Rendering\Material System\Views</Filter>
    </ClInclude>
    <ClInclude Include="Rendering\DXGIAdapter.h">
      <Filter>Rendering\DXGI</Filter>
    </ClInclude>
    <ClInclude Include="Rendering\DXGIOutput.h">
      <Filter>Rendering\DXGI</Filter>
    </ClInclude>
    <ClInclude Include="Rendering\CommandListDX11.h">
      <Filter>Rendering\Renderer Components\Multithreading</Filter>
    </ClInclude>
    <ClInclude Include="Rendering\SpriteFontDX11.h">
      <Filter>Rendering\Sprites</Filter>
    </ClInclude>
    <ClInclude Include="Rendering\SpriteRendererDX11.h">
      <Filter>Rendering\Sprites</Filter>
    </ClInclude>
    <ClInclude Include="Intersection\Intersector.h">
      <Filter>Intersection</Filter>
    </ClInclude>
    <ClInclude Include="Intersection\IntrRay3fBox3f.h">
      <Filter>Intersection</Filter>
    </ClInclude>
    <ClInclude Include="Intersection\IntrRay3fSphere3f.h">
      <Filter>Intersection</Filter>
    </ClInclude>
    <ClInclude Include="Objects\Entity3D.h">
      <Filter>Objects\Basic Objects</Filter>
    </ClInclude>
    <ClInclude Include="Objects\Node3D.h">
      <Filter>Objects\Basic Objects</Filter>
    </ClInclude>
    <ClInclude Include="Objects\PickRecord.h">
      <Filter>Objects\Basic Objects</Filter>
    </ClInclude>
    <ClInclude Include="Objects\IController.h">
      <Filter>Objects\Basic Objects\Controllers</Filter>
    </ClInclude>
    <ClInclude Include="Objects\RotationController.h">
      <Filter>Objects\Basic Objects\Controllers</Filter>
    </ClInclude>
    <ClInclude Include="Objects\SkinnedBoneController.h">
      <Filter>Objects\Basic Objects\Controllers</Filter>
    </ClInclude>
    <ClInclude Include="Objects\Light.h">
      <Filter>Objects\Scene Objects</Filter>
    </ClInclude>
    <ClInclude Include="Objects\Scene.h">
      <Filter>Objects\Scene Objects</Filter>
    </ClInclude>
    <ClInclude Include="Objects\ActorGenerator.h">
      <Filter>Objects\Actor Creation</Filter>
    </ClInclude>
    <ClInclude Include="Animation\AnimationStream.h">
      <Filter>Animation</Filter>
    </ClInclude>
    <ClInclude Include="Geometry\Box3f.h">
      <Filter>Geometry</Filter>
    </ClInclude>
    <ClInclude Include="Geometry\CompositeShape.h">
      <Filter>Geometry</Filter>
    </ClInclude>
    <ClInclude Include="Geometry\Frustum3f.h">
      <Filter>Geometry</Filter>
    </ClInclude>
    <ClInclude Include="Geometry\TriangleIndices.h">
      <Filter>Geometry</Filter>
    </ClInclude>
    <ClInclude Include="Geometry\Triangle3f.h">
      <Filter>Geometry</Filter>
    </ClInclude>
    <ClInclude Include="Geometry\Sphere3f.h">
      <Filter>Geometry</Filter>
    </ClInclude>
    <ClInclude Include="Geometry\Shape3D.h">
      <Filter>Geometry</Filter>
    </ClInclude>
    <ClInclude Include="Geometry\Ray3f.h">
      <Filter>Geometry</Filter>
    </ClInclude>
    <ClInclude Include="Geometry\PointIndices.h">
      <Filter>Geometry</Filter>
    </ClInclude>
    <ClInclude Include="Geometry\Plane3f.h">
      <Filter>Geometry</Filter>
    </ClInclude>
    <ClInclude Include="Geometry\LineIndices.h">
      <Filter>Geometry</Filter>
    </ClInclude>
    <ClInclude Include="Rendering\ParameterContainer.h">
      <Filter>Rendering\Parameter System</Filter>
    </ClInclude>
    <ClInclude Include="Events\EvtFrameStart.h">
      <Filter>Events\Rendering Events</Filter>
    </ClInclude>
    <ClInclude Include="Rendering\PipelineExecutorDX11.h">
      <Filter>Rendering\Pipeline Executors</Filter>
    </ClInclude>
    <ClInclude Include="Application\IWindowProc.h">
      <Filter>Application</Filter>
    </ClInclude>
    <ClInclude Include="Rendering\ShaderStageDX11.h">
      <Filter>Rendering\Pipeline\Shader Stages\Stages</Filter>
    </ClInclude>
    <ClInclude Include="Rendering\ComputeStageDX11.h">
      <Filter>Rendering\Pipeline\Shader Stages\Stages</Filter>
    </ClInclude>
    <ClInclude Include="Rendering\DomainStageDX11.h">
      <Filter>Rendering\Pipeline\Shader Stages\Stages</Filter>
    </ClInclude>
    <ClInclude Include="Rendering\GeometryStageDX11.h">
      <Filter>Rendering\Pipeline\Shader Stages\Stages</Filter>
    </ClInclude>
    <ClInclude Include="Rendering\HullStageDX11.h">
      <Filter>Rendering\Pipeline\Shader Stages\Stages</Filter>
    </ClInclude>
    <ClInclude Include="Rendering\PixelStageDX11.h">
      <Filter>Rendering\Pipeline\Shader Stages\Stages</Filter>
    </ClInclude>
    <ClInclude Include="Rendering\VertexStageDX11.h">
      <Filter>Rendering\Pipeline\Shader Stages\Stages</Filter>
    </ClInclude>
    <ClInclude Include="Rendering\ShaderStageStateDX11.h">
      <Filter>Rendering\Pipeline\Shader Stages\States</Filter>
    </ClInclude>
    <ClInclude Include="Rendering\RasterizerStageStateDX11.h">
      <Filter>Rendering\Pipeline\Fixed Stages\States</Filter>
    </ClInclude>
    <ClInclude Include="Rendering\InputAssemblerStateDX11.h">
      <Filter>Rendering\Pipeline\Fixed Stages\States</Filter>
    </ClInclude>
    <ClInclude Include="Rendering\RasterizerStageDX11.h">
      <Filter>Rendering\Pipeline\Fixed Stages\Stages</Filter>
    </ClInclude>
    <ClInclude Include="Rendering\InputAssemblerStageDX11.h">
      <Filter>Rendering\Pipeline\Fixed Stages\Stages</Filter>
    </ClInclude>
    <ClInclude Include="Rendering\OutputMergerStageDX11.h">
      <Filter>Rendering\Pipeline\Fixed Stages\Stages</Filter>
    </ClInclude>
    <ClInclude Include="Rendering\OutputMergerStageStateDX11.h">
      <Filter>Rendering\Pipeline\Fixed Stages\States</Filter>
    </ClInclude>
    <ClInclude Include="Rendering\D3DEnumConversion.h">
      <Filter>Rendering\Utility</Filter>
    </ClInclude>
    <ClInclude Include="Rendering\ShaderReflectionDX11.h">
      <Filter>Rendering\Pipeline\Shader Stages\Shader Programs\Reflection</Filter>
    </ClInclude>
    <ClInclude Include="Rendering\ShaderReflectionFactoryDX11.h">
      <Filter>Rendering\Pipeline\Shader Stages\Shader Programs\Reflection</Filter>
    </ClInclude>
    <ClInclude Include="Rendering\ShaderFactoryDX11.h">
      <Filter>Rendering\Pipeline\Shader Stages\Shader Programs</Filter>
    </ClInclude>
    <ClInclude Include="Application\FileLoader.h">
      <Filter>Application</Filter>
    </ClInclude>
    <ClInclude Include="Rendering\ImmediateGeometryDX11.h">
      <Filter>Rendering\Pipeline Executors</Filter>
    </ClInclude>
    <ClInclude Include="Rendering\IndexedImmediateGeometryDX11.h">
      <Filter>Rendering\Pipeline Executors</Filter>
    </ClInclude>
    <ClInclude Include="Utility\TConfiguration.h">
      <Filter>Utility</Filter>
    </ClInclude>
    <ClInclude Include="Rendering\InstancedQuadGeometryDX11.h">
      <Filter>Rendering\Pipeline Executors</Filter>
    </ClInclude>
    <ClInclude Include="Application\Glyphlet.h">
      <Filter>Application</Filter>
    </ClInclude>
    <ClInclude Include="Rendering\VertexElementDX11.h">
      <Filter>Rendering\Pipeline Executors\Basis Objects</Filter>
    </ClInclude>
    <ClInclude Include="Rendering\TGrowableVertexBufferDX11.h">
      <Filter>Rendering\Pipeline Executors\Basis Objects</Filter>
    </ClInclude>
    <ClInclude Include="Rendering\TGrowableIndexBufferDX11.h">
      <Filter>Rendering\Pipeline Executors\Basis Objects</Filter>
    </ClInclude>
    <ClInclude Include="Objects\Actor.h">
      <Filter>Objects\Scene Objects\Actors</Filter>
    </ClInclude>
    <ClInclude Include="Objects\GeometryActor.h">
      <Filter>Objects\Scene Objects\Actors</Filter>
    </ClInclude>
    <ClInclude Include="Objects\SkinnedActor.h">
      <Filter>Objects\Scene Objects\Actors</Filter>
    </ClInclude>
    <ClInclude Include="Objects\TextActor.h">
      <Filter>Objects\Scene Objects\Actors</Filter>
    </ClInclude>
    <ClInclude Include="Objects\FirstPersonCamera.h">
      <Filter>Objects\Scene Objects\Cameras</Filter>
    </ClInclude>
    <ClInclude Include="Objects\Camera.h">
      <Filter>Objects\Scene Objects\Cameras</Filter>
    </ClInclude>
  </ItemGroup>
  <ItemGroup>
    <None Include="Utility\TArray.inl">
      <Filter>Utility</Filter>
    </None>
    <None Include="Shaders\Sprite.hlsl">
      <Filter>Shaders</Filter>
    </None>
    <None Include="Utility\TConfiguration.inl">
      <Filter>Utility</Filter>
    </None>
    <None Include="Rendering\TGrowableVertexBufferDX11.inl">
      <Filter>Rendering\Pipeline Executors\Basis Objects</Filter>
    </None>
    <None Include="Rendering\TGrowableIndexBufferDX11.inl">
      <Filter>Rendering\Pipeline Executors\Basis Objects</Filter>
    </None>
  </ItemGroup>
</Project>