<?xml version="1.0" encoding="utf-8"?>
<Project ToolsVersion="4.0" xmlns="http://schemas.microsoft.com/developer/msbuild/2003">
  <ItemGroup>
    <ClCompile Include="App.cpp" />
  </ItemGroup>
  <ItemGroup>
    <ClInclude Include="App.h" />
  </ItemGroup>
  <ItemGroup>
    <Filter Include="Shaders">
      <UniqueIdentifier>{023c7726-0686-4390-a744-f572d51f8ff0}</UniqueIdentifier>
    </Filter>
  </ItemGroup>
  <ItemGroup>
    <None Include="..\Data\Shaders\AmbientOcclusionCS_16.hlsl">
      <Filter>Shaders</Filter>
    </None>
    <None Include="..\Data\Shaders\AmbientOcclusionCS_32.hlsl">
      <Filter>Shaders</Filter>
    </None>
    <None Include="..\Data\Shaders\DepthPS.hlsl">
      <Filter>Shaders</Filter>
    </None>
    <None Include="..\Data\Shaders\DepthVS.hlsl">
      <Filter>Shaders</Filter>
    </None>
    <None Include="..\Data\Shaders\FinalPS.hlsl">
      <Filter>Shaders</Filter>
    </None>
    <None Include="..\Data\Shaders\FinalVS.hlsl">
      <Filter>Shaders</Filter>
    </None>
  </ItemGroup>
</Project>