<?xml version="1.0" encoding="utf-8"?>
<Project ToolsVersion="4.0" xmlns="http://schemas.microsoft.com/developer/msbuild/2003">
  <ItemGroup>
    <Filter Include="Source Files">
      <UniqueIdentifier>{4FC737F1-C7A5-4376-A066-2A32D752A2FF}</UniqueIdentifier>
      <Extensions>cpp;c;cc;cxx;def;odl;idl;hpj;bat;asm;asmx</Extensions>
    </Filter>
    <Filter Include="Resource Files">
      <UniqueIdentifier>{67DA6AB6-F800-4c08-8B7A-83BB121AAD01}</UniqueIdentifier>
      <Extensions>rc;ico;cur;bmp;dlg;rc2;rct;bin;rgs;gif;jpg;jpeg;jpe;resx;tiff;tif;png;wav;mfcribbon-ms</Extensions>
    </Filter>
    <Filter Include="Source Files\Application">
      <UniqueIdentifier>{62eed66f-b378-4f5f-a7be-01f21c51f8c7}</UniqueIdentifier>
    </Filter>
    <Filter Include="Source Files\View">
      <UniqueIdentifier>{184c5b7c-1f06-44d5-a854-d87a8729929e}</UniqueIdentifier>
    </Filter>
    <Filter Include="Source Files\Document">
      <UniqueIdentifier>{076bc050-d67c-4abe-bc44-31872faebd12}</UniqueIdentifier>
    </Filter>
    <Filter Include="Source Files\Frame Window">
      <UniqueIdentifier>{ccca8c4a-738d-4c90-a1d3-3f2cef59273a}</UniqueIdentifier>
    </Filter>
    <Filter Include="Source Files\Miscellaneous">
      <UniqueIdentifier>{4a79d3ab-d8c7-42e3-abd0-de883efd6b65}</UniqueIdentifier>
    </Filter>
  </ItemGroup>
  <ItemGroup>
    <None Include="ReadMe.txt" />
    <None Include="res\MFCwithD3D11.rc2">
      <Filter>Resource Files</Filter>
    </None>
    <None Include="res\MFCwithD3D11Doc.ico">
      <Filter>Resource Files</Filter>
    </None>
    <None Include="res\MFCwithD3D11.ico">
      <Filter>Resource Files</Filter>
    </None>
  </ItemGroup>
  <ItemGroup>
    <ClInclude Include="MFCwithD3D11.h">
      <Filter>Source Files\Application</Filter>
    </ClInclude>
    <ClInclude Include="MFCwithD3D11View.h">
      <Filter>Source Files\View</Filter>
    </ClInclude>
    <ClInclude Include="MFCwithD3D11Doc.h">
      <Filter>Source Files\Document</Filter>
    </ClInclude>
    <ClInclude Include="MainFrm.h">
      <Filter>Source Files\Frame Window</Filter>
    </ClInclude>
    <ClInclude Include="targetver.h">
      <Filter>Source Files\Miscellaneous</Filter>
    </ClInclude>
    <ClInclude Include="Resource.h">
      <Filter>Source Files\Miscellaneous</Filter>
    </ClInclude>
    <ClInclude Include="stdafx.h">
      <Filter>Source Files\Miscellaneous</Filter>
    </ClInclude>
  </ItemGroup>
  <ItemGroup>
    <ClCompile Include="MFCwithD3D11.cpp">
      <Filter>Source Files\Application</Filter>
    </ClCompile>
    <ClCompile Include="MFCwithD3D11View.cpp">
      <Filter>Source Files\View</Filter>
    </ClCompile>
    <ClCompile Include="MFCwithD3D11Doc.cpp">
      <Filter>Source Files\Document</Filter>
    </ClCompile>
    <ClCompile Include="MainFrm.cpp">
      <Filter>Source Files\Frame Window</Filter>
    </ClCompile>
    <ClCompile Include="stdafx.cpp">
      <Filter>Source Files\Miscellaneous</Filter>
    </ClCompile>
  </ItemGroup>
  <ItemGroup>
    <ResourceCompile Include="MFCwithD3D11.rc">
      <Filter>Resource Files</Filter>
    </ResourceCompile>
  </ItemGroup>
</Project>