
Microsoft Visual Studio Solution File, Format Version 10.00
# Visual Studio 2008
Project("{8BC9CEB8-8B4A-11D0-8D11-00A0C91BC942}") = "LuaLib", "LuaLib\LuaLib.vcproj", "{DBA1913E-154D-420A-84A9-AD8A789851CC}"
EndProject
Project("{8BC9CEB8-8B4A-11D0-8D11-00A0C91BC942}") = "LuaLibLib", "LuaLibLib\LuaLibLib.vcproj", "{036DBAF4-D87B-4F38-A8B2-2D3C7F71A7B1}"
EndProject
Project("{8BC9CEB8-8B4A-11D0-8D11-00A0C91BC942}") = "Luac", "Luac\Luac.vcproj", "{6DDBD3BE-BEC9-44B9-8BE9-30745CAC1405}"
	ProjectSection(ProjectDependencies) = postProject
		{DBA1913E-154D-420A-84A9-AD8A789851CC} = {DBA1913E-154D-420A-84A9-AD8A789851CC}
		{036DBAF4-D87B-4F38-A8B2-2D3C7F71A7B1} = {036DBAF4-D87B-4F38-A8B2-2D3C7F71A7B1}
	EndProjectSection
EndProject
Project("{8BC9CEB8-8B4A-11D0-8D11-00A0C91BC942}") = "Lua", "Lua\Lua.vcproj", "{45A9E581-1644-4DA5-834E-8DD12E4E306B}"
	ProjectSection(ProjectDependencies) = postProject
		{DBA1913E-154D-420A-84A9-AD8A789851CC} = {DBA1913E-154D-420A-84A9-AD8A789851CC}
		{036DBAF4-D87B-4F38-A8B2-2D3C7F71A7B1} = {036DBAF4-D87B-4F38-A8B2-2D3C7F71A7B1}
	EndProjectSection
EndProject
Global
	GlobalSection(SolutionConfigurationPlatforms) = preSolution
		Debug|Win32 = Debug|Win32
		Release|Win32 = Release|Win32
	EndGlobalSection
	GlobalSection(ProjectConfigurationPlatforms) = postSolution
		{DBA1913E-154D-420A-84A9-AD8A789851CC}.Debug|Win32.ActiveCfg = Debug|Win32
		{DBA1913E-154D-420A-84A9-AD8A789851CC}.Debug|Win32.Build.0 = Debug|Win32
		{DBA1913E-154D-420A-84A9-AD8A789851CC}.Release|Win32.ActiveCfg = Release|Win32
		{DBA1913E-154D-420A-84A9-AD8A789851CC}.Release|Win32.Build.0 = Release|Win32
		{036DBAF4-D87B-4F38-A8B2-2D3C7F71A7B1}.Debug|Win32.ActiveCfg = Debug|Win32
		{036DBAF4-D87B-4F38-A8B2-2D3C7F71A7B1}.Debug|Win32.Build.0 = Debug|Win32
		{036DBAF4-D87B-4F38-A8B2-2D3C7F71A7B1}.Release|Win32.ActiveCfg = Release|Win32
		{036DBAF4-D87B-4F38-A8B2-2D3C7F71A7B1}.Release|Win32.Build.0 = Release|Win32
		{6DDBD3BE-BEC9-44B9-8BE9-30745CAC1405}.Debug|Win32.ActiveCfg = Debug|Win32
		{6DDBD3BE-BEC9-44B9-8BE9-30745CAC1405}.Debug|Win32.Build.0 = Debug|Win32
		{6DDBD3BE-BEC9-44B9-8BE9-30745CAC1405}.Release|Win32.ActiveCfg = Release|Win32
		{6DDBD3BE-BEC9-44B9-8BE9-30745CAC1405}.Release|Win32.Build.0 = Release|Win32
		{45A9E581-1644-4DA5-834E-8DD12E4E306B}.Debug|Win32.ActiveCfg = Debug|Win32
		{45A9E581-1644-4DA5-834E-8DD12E4E306B}.Debug|Win32.Build.0 = Debug|Win32
		{45A9E581-1644-4DA5-834E-8DD12E4E306B}.Release|Win32.ActiveCfg = Release|Win32
		{45A9E581-1644-4DA5-834E-8DD12E4E306B}.Release|Win32.Build.0 = Release|Win32
	EndGlobalSection
	GlobalSection(SolutionProperties) = preSolution
		HideSolutionNode = FALSE
	EndGlobalSection
EndGlobal
